// !$*UTF8*$!
{
	archiveVersion = 1;
	classes = {
	};
	objectVersion = 46;
	objects = {

/* Begin PBXBuildFile section */
		89E2C3AF1BC92518001C1D01 /* README.md in Sources */ = {isa = PBXBuildFile; fileRef = 89E2C3AE1BC92518001C1D01 /* README.md */; };
		A491311F1BCA3C8E00511F97 /* LaunchScreen.storyboard in Resources */ = {isa = PBXBuildFile; fileRef = A491311D1BCA3C8E00511F97 /* LaunchScreen.storyboard */; settings = {ASSET_TAGS = (); }; };
		A49131201BCA3C8E00511F97 /* Main.storyboard in Resources */ = {isa = PBXBuildFile; fileRef = A491311E1BCA3C8E00511F97 /* Main.storyboard */; settings = {ASSET_TAGS = (); }; };
		A491312E1BCA531C00511F97 /* JSON.m in Sources */ = {isa = PBXBuildFile; fileRef = A49131251BCA531C00511F97 /* JSON.m */; settings = {COMPILER_FLAGS = "-fno-objc-arc"; }; };
		A491312F1BCA531C00511F97 /* JsonBase.m in Sources */ = {isa = PBXBuildFile; fileRef = A49131271BCA531C00511F97 /* JsonBase.m */; settings = {COMPILER_FLAGS = "-fno-objc-arc"; }; };
		A49131301BCA531C00511F97 /* JsonParser.m in Sources */ = {isa = PBXBuildFile; fileRef = A49131291BCA531C00511F97 /* JsonParser.m */; settings = {COMPILER_FLAGS = "-fno-objc-arc"; }; };
		A49131311BCA531C00511F97 /* JsonUtility.m in Sources */ = {isa = PBXBuildFile; fileRef = A491312B1BCA531C00511F97 /* JsonUtility.m */; settings = {COMPILER_FLAGS = "-fno-objc-arc"; }; };
		A49131321BCA531C00511F97 /* JsonWriter.m in Sources */ = {isa = PBXBuildFile; fileRef = A491312D1BCA531C00511F97 /* JsonWriter.m */; settings = {COMPILER_FLAGS = "-fno-objc-arc"; }; };
		A49131361BCA63F600511F97 /* BaseInfo.m in Sources */ = {isa = PBXBuildFile; fileRef = A49131351BCA63F600511F97 /* BaseInfo.m */; settings = {ASSET_TAGS = (); }; };
		A49131391BCA8C0800511F97 /* AdvertInfo.m in Sources */ = {isa = PBXBuildFile; fileRef = A49131381BCA8C0800511F97 /* AdvertInfo.m */; settings = {ASSET_TAGS = (); }; };
		A491313C1BCA8E8100511F97 /* ColumnInfo.m in Sources */ = {isa = PBXBuildFile; fileRef = A491313B1BCA8E8100511F97 /* ColumnInfo.m */; settings = {ASSET_TAGS = (); }; };
		A491313F1BCA8EE000511F97 /* NewsInfo.m in Sources */ = {isa = PBXBuildFile; fileRef = A491313E1BCA8EE000511F97 /* NewsInfo.m */; settings = {ASSET_TAGS = (); }; };
		A49131441BCA97DD00511F97 /* BaseOperation.m in Sources */ = {isa = PBXBuildFile; fileRef = A49131431BCA97DD00511F97 /* BaseOperation.m */; settings = {ASSET_TAGS = (); }; };
		A49131471BCAB12F00511F97 /* GetAdvert.m in Sources */ = {isa = PBXBuildFile; fileRef = A49131461BCAB12F00511F97 /* GetAdvert.m */; settings = {ASSET_TAGS = (); }; };
		A491314A1BCAB1D600511F97 /* GetColumn.m in Sources */ = {isa = PBXBuildFile; fileRef = A49131491BCAB1D600511F97 /* GetColumn.m */; settings = {ASSET_TAGS = (); }; };
		A491314D1BCAB29500511F97 /* GetNews.m in Sources */ = {isa = PBXBuildFile; fileRef = A491314C1BCAB29500511F97 /* GetNews.m */; settings = {ASSET_TAGS = (); }; };
		A4C75B991BC80C08004264AA /* main.m in Sources */ = {isa = PBXBuildFile; fileRef = A4C75B981BC80C08004264AA /* main.m */; };
		A4C75B9C1BC80C08004264AA /* AppDelegate.m in Sources */ = {isa = PBXBuildFile; fileRef = A4C75B9B1BC80C08004264AA /* AppDelegate.m */; };
		A4C75B9F1BC80C08004264AA /* HomeController.m in Sources */ = {isa = PBXBuildFile; fileRef = A4C75B9E1BC80C08004264AA /* HomeController.m */; };
		A4C75BA41BC80C08004264AA /* Assets.xcassets in Resources */ = {isa = PBXBuildFile; fileRef = A4C75BA31BC80C08004264AA /* Assets.xcassets */; };
/* End PBXBuildFile section */

/* Begin PBXFileReference section */
		89E2C3AE1BC92518001C1D01 /* README.md */ = {isa = PBXFileReference; fileEncoding = 4; lastKnownFileType = net.daringfireball.markdown; path = README.md; sourceTree = "<group>"; };
		A491311D1BCA3C8E00511F97 /* LaunchScreen.storyboard */ = {isa = PBXFileReference; fileEncoding = 4; lastKnownFileType = file.storyboard; path = LaunchScreen.storyboard; sourceTree = "<group>"; };
		A491311E1BCA3C8E00511F97 /* Main.storyboard */ = {isa = PBXFileReference; fileEncoding = 4; lastKnownFileType = file.storyboard; path = Main.storyboard; sourceTree = "<group>"; };
		A49131241BCA531C00511F97 /* JSON.h */ = {isa = PBXFileReference; fileEncoding = 4; lastKnownFileType = sourcecode.c.h; path = JSON.h; sourceTree = "<group>"; };
		A49131251BCA531C00511F97 /* JSON.m */ = {isa = PBXFileReference; fileEncoding = 4; lastKnownFileType = sourcecode.c.objc; path = JSON.m; sourceTree = "<group>"; };
		A49131261BCA531C00511F97 /* JsonBase.h */ = {isa = PBXFileReference; fileEncoding = 4; lastKnownFileType = sourcecode.c.h; path = JsonBase.h; sourceTree = "<group>"; };
		A49131271BCA531C00511F97 /* JsonBase.m */ = {isa = PBXFileReference; fileEncoding = 4; lastKnownFileType = sourcecode.c.objc; path = JsonBase.m; sourceTree = "<group>"; };
		A49131281BCA531C00511F97 /* JsonParser.h */ = {isa = PBXFileReference; fileEncoding = 4; lastKnownFileType = sourcecode.c.h; path = JsonParser.h; sourceTree = "<group>"; };
		A49131291BCA531C00511F97 /* JsonParser.m */ = {isa = PBXFileReference; fileEncoding = 4; lastKnownFileType = sourcecode.c.objc; path = JsonParser.m; sourceTree = "<group>"; };
		A491312A1BCA531C00511F97 /* JsonUtility.h */ = {isa = PBXFileReference; fileEncoding = 4; lastKnownFileType = sourcecode.c.h; path = JsonUtility.h; sourceTree = "<group>"; };
		A491312B1BCA531C00511F97 /* JsonUtility.m */ = {isa = PBXFileReference; fileEncoding = 4; lastKnownFileType = sourcecode.c.objc; path = JsonUtility.m; sourceTree = "<group>"; };
		A491312C1BCA531C00511F97 /* JsonWriter.h */ = {isa = PBXFileReference; fileEncoding = 4; lastKnownFileType = sourcecode.c.h; path = JsonWriter.h; sourceTree = "<group>"; };
		A491312D1BCA531C00511F97 /* JsonWriter.m */ = {isa = PBXFileReference; fileEncoding = 4; lastKnownFileType = sourcecode.c.objc; path = JsonWriter.m; sourceTree = "<group>"; };
		A49131331BCA5D4500511F97 /* Defines.h */ = {isa = PBXFileReference; fileEncoding = 4; lastKnownFileType = sourcecode.c.h; path = Defines.h; sourceTree = "<group>"; };
		A49131341BCA63F600511F97 /* BaseInfo.h */ = {isa = PBXFileReference; fileEncoding = 4; lastKnownFileType = sourcecode.c.h; path = BaseInfo.h; sourceTree = "<group>"; };
		A49131351BCA63F600511F97 /* BaseInfo.m */ = {isa = PBXFileReference; fileEncoding = 4; lastKnownFileType = sourcecode.c.objc; path = BaseInfo.m; sourceTree = "<group>"; };
		A49131371BCA8C0800511F97 /* AdvertInfo.h */ = {isa = PBXFileReference; fileEncoding = 4; lastKnownFileType = sourcecode.c.h; path = AdvertInfo.h; sourceTree = "<group>"; };
		A49131381BCA8C0800511F97 /* AdvertInfo.m */ = {isa = PBXFileReference; fileEncoding = 4; lastKnownFileType = sourcecode.c.objc; path = AdvertInfo.m; sourceTree = "<group>"; };
		A491313A1BCA8E8100511F97 /* ColumnInfo.h */ = {isa = PBXFileReference; fileEncoding = 4; lastKnownFileType = sourcecode.c.h; path = ColumnInfo.h; sourceTree = "<group>"; };
		A491313B1BCA8E8100511F97 /* ColumnInfo.m */ = {isa = PBXFileReference; fileEncoding = 4; lastKnownFileType = sourcecode.c.objc; path = ColumnInfo.m; sourceTree = "<group>"; };
		A491313D1BCA8EE000511F97 /* NewsInfo.h */ = {isa = PBXFileReference; fileEncoding = 4; lastKnownFileType = sourcecode.c.h; path = NewsInfo.h; sourceTree = "<group>"; };
		A491313E1BCA8EE000511F97 /* NewsInfo.m */ = {isa = PBXFileReference; fileEncoding = 4; lastKnownFileType = sourcecode.c.objc; path = NewsInfo.m; sourceTree = "<group>"; };
		A49131401BCA971400511F97 /* UrlDefines.h */ = {isa = PBXFileReference; lastKnownFileType = sourcecode.c.h; path = UrlDefines.h; sourceTree = "<group>"; };
		A49131421BCA97DD00511F97 /* BaseOperation.h */ = {isa = PBXFileReference; fileEncoding = 4; lastKnownFileType = sourcecode.c.h; path = BaseOperation.h; sourceTree = "<group>"; };
		A49131431BCA97DD00511F97 /* BaseOperation.m */ = {isa = PBXFileReference; fileEncoding = 4; lastKnownFileType = sourcecode.c.objc; path = BaseOperation.m; sourceTree = "<group>"; };
		A49131451BCAB12F00511F97 /* GetAdvert.h */ = {isa = PBXFileReference; fileEncoding = 4; lastKnownFileType = sourcecode.c.h; path = GetAdvert.h; sourceTree = "<group>"; };
		A49131461BCAB12F00511F97 /* GetAdvert.m */ = {isa = PBXFileReference; fileEncoding = 4; lastKnownFileType = sourcecode.c.objc; path = GetAdvert.m; sourceTree = "<group>"; };
		A49131481BCAB1D600511F97 /* GetColumn.h */ = {isa = PBXFileReference; fileEncoding = 4; lastKnownFileType = sourcecode.c.h; path = GetColumn.h; sourceTree = "<group>"; };
		A49131491BCAB1D600511F97 /* GetColumn.m */ = {isa = PBXFileReference; fileEncoding = 4; lastKnownFileType = sourcecode.c.objc; path = GetColumn.m; sourceTree = "<group>"; };
		A491314B1BCAB29500511F97 /* GetNews.h */ = {isa = PBXFileReference; fileEncoding = 4; lastKnownFileType = sourcecode.c.h; path = GetNews.h; sourceTree = "<group>"; };
		A491314C1BCAB29500511F97 /* GetNews.m */ = {isa = PBXFileReference; fileEncoding = 4; lastKnownFileType = sourcecode.c.objc; path = GetNews.m; sourceTree = "<group>"; };
		A4C75B941BC80C08004264AA /* NewsReader.app */ = {isa = PBXFileReference; explicitFileType = wrapper.application; includeInIndex = 0; path = NewsReader.app; sourceTree = BUILT_PRODUCTS_DIR; };
		A4C75B981BC80C08004264AA /* main.m */ = {isa = PBXFileReference; lastKnownFileType = sourcecode.c.objc; path = main.m; sourceTree = "<group>"; };
		A4C75B9A1BC80C08004264AA /* AppDelegate.h */ = {isa = PBXFileReference; lastKnownFileType = sourcecode.c.h; path = AppDelegate.h; sourceTree = "<group>"; };
		A4C75B9B1BC80C08004264AA /* AppDelegate.m */ = {isa = PBXFileReference; lastKnownFileType = sourcecode.c.objc; path = AppDelegate.m; sourceTree = "<group>"; };
		A4C75B9D1BC80C08004264AA /* HomeController.h */ = {isa = PBXFileReference; lastKnownFileType = sourcecode.c.h; path = HomeController.h; sourceTree = "<group>"; };
		A4C75B9E1BC80C08004264AA /* HomeController.m */ = {isa = PBXFileReference; lastKnownFileType = sourcecode.c.objc; path = HomeController.m; sourceTree = "<group>"; };
		A4C75BA31BC80C08004264AA /* Assets.xcassets */ = {isa = PBXFileReference; lastKnownFileType = folder.assetcatalog; path = Assets.xcassets; sourceTree = "<group>"; };
		A4C75BA81BC80C08004264AA /* Info.plist */ = {isa = PBXFileReference; lastKnownFileType = text.plist.xml; path = Info.plist; sourceTree = "<group>"; };
		A4C75BBF1BC81474004264AA /* NewsReaderPrefixHeader.pch */ = {isa = PBXFileReference; lastKnownFileType = sourcecode.c.h; path = NewsReaderPrefixHeader.pch; sourceTree = "<group>"; };
/* End PBXFileReference section */

/* Begin PBXFrameworksBuildPhase section */
		A4C75B911BC80C08004264AA /* Frameworks */ = {
			isa = PBXFrameworksBuildPhase;
			buildActionMask = 2147483647;
			files = (
			);
			runOnlyForDeploymentPostprocessing = 0;
		};
/* End PBXFrameworksBuildPhase section */

/* Begin PBXGroup section */
		A49131231BCA50BF00511F97 /* JSONFramework */ = {
			isa = PBXGroup;
			children = (
				A49131241BCA531C00511F97 /* JSON.h */,
				A49131251BCA531C00511F97 /* JSON.m */,
				A49131261BCA531C00511F97 /* JsonBase.h */,
				A49131271BCA531C00511F97 /* JsonBase.m */,
				A49131281BCA531C00511F97 /* JsonParser.h */,
				A49131291BCA531C00511F97 /* JsonParser.m */,
				A491312A1BCA531C00511F97 /* JsonUtility.h */,
				A491312B1BCA531C00511F97 /* JsonUtility.m */,
				A491312C1BCA531C00511F97 /* JsonWriter.h */,
				A491312D1BCA531C00511F97 /* JsonWriter.m */,
			);
			path = JSONFramework;
			sourceTree = "<group>";
		};
		A49131411BCA979A00511F97 /* Operation */ = {
			isa = PBXGroup;
			children = (
				A49131421BCA97DD00511F97 /* BaseOperation.h */,
				A49131431BCA97DD00511F97 /* BaseOperation.m */,
				A49131451BCAB12F00511F97 /* GetAdvert.h */,
				A49131461BCAB12F00511F97 /* GetAdvert.m */,
				A49131481BCAB1D600511F97 /* GetColumn.h */,
				A49131491BCAB1D600511F97 /* GetColumn.m */,
				A491314B1BCAB29500511F97 /* GetNews.h */,
				A491314C1BCAB29500511F97 /* GetNews.m */,
			);
			path = Operation;
			sourceTree = "<group>";
		};
		A4C75B8B1BC80C08004264AA = {
			isa = PBXGroup;
			children = (
				A4C75B961BC80C08004264AA /* NewsReader */,
				A4C75B951BC80C08004264AA /* Products */,
				89E2C3AE1BC92518001C1D01 /* README.md */,
			);
			sourceTree = "<group>";
		};
		A4C75B951BC80C08004264AA /* Products */ = {
			isa = PBXGroup;
			children = (
				A4C75B941BC80C08004264AA /* NewsReader.app */,
			);
			name = Products;
			sourceTree = "<group>";
		};
		A4C75B961BC80C08004264AA /* NewsReader */ = {
			isa = PBXGroup;
			children = (
				A49131411BCA979A00511F97 /* Operation */,
				A4C75BB51BC80C83004264AA /* Global */,
				A4C75BB41BC80C72004264AA /* Controller */,
				A4C75BB31BC80C6A004264AA /* Model */,
				A4C75BB21BC80C61004264AA /* ViewModel */,
				A4C75BB11BC80C59004264AA /* Vendors */,
				A4C75BAE1BC80C1C004264AA /* Resources */,
				A4C75B9A1BC80C08004264AA /* AppDelegate.h */,
				A4C75B9B1BC80C08004264AA /* AppDelegate.m */,
				A4C75BA81BC80C08004264AA /* Info.plist */,
				A4C75B971BC80C08004264AA /* Supporting Files */,
				A4C75BBF1BC81474004264AA /* NewsReaderPrefixHeader.pch */,
			);
			path = NewsReader;
			sourceTree = "<group>";
		};
		A4C75B971BC80C08004264AA /* Supporting Files */ = {
			isa = PBXGroup;
			children = (
				A4C75B981BC80C08004264AA /* main.m */,
			);
			name = "Supporting Files";
			sourceTree = "<group>";
		};
		A4C75BAE1BC80C1C004264AA /* Resources */ = {
			isa = PBXGroup;
			children = (
				A4C75BB61BC80CA3004264AA /* Config */,
				A4C75BB01BC80C4F004264AA /* Images */,
				A4C75BAF1BC80C3C004264AA /* InterfaceBuilder */,
			);
			path = Resources;
			sourceTree = "<group>";
		};
		A4C75BAF1BC80C3C004264AA /* InterfaceBuilder */ = {
			isa = PBXGroup;
			children = (
				A491311D1BCA3C8E00511F97 /* LaunchScreen.storyboard */,
				A491311E1BCA3C8E00511F97 /* Main.storyboard */,
			);
			path = InterfaceBuilder;
			sourceTree = "<group>";
		};
		A4C75BB01BC80C4F004264AA /* Images */ = {
			isa = PBXGroup;
			children = (
				A4C75BA31BC80C08004264AA /* Assets.xcassets */,
			);
			path = Images;
			sourceTree = "<group>";
		};
		A4C75BB11BC80C59004264AA /* Vendors */ = {
			isa = PBXGroup;
			children = (
				A49131231BCA50BF00511F97 /* JSONFramework */,
			);
			path = Vendors;
			sourceTree = "<group>";
		};
		A4C75BB21BC80C61004264AA /* ViewModel */ = {
			isa = PBXGroup;
			children = (
			);
			path = ViewModel;
			sourceTree = "<group>";
		};
		A4C75BB31BC80C6A004264AA /* Model */ = {
			isa = PBXGroup;
			children = (
				A49131341BCA63F600511F97 /* BaseInfo.h */,
				A49131351BCA63F600511F97 /* BaseInfo.m */,
				A49131371BCA8C0800511F97 /* AdvertInfo.h */,
				A49131381BCA8C0800511F97 /* AdvertInfo.m */,
				A491313A1BCA8E8100511F97 /* ColumnInfo.h */,
				A491313B1BCA8E8100511F97 /* ColumnInfo.m */,
				A491313D1BCA8EE000511F97 /* NewsInfo.h */,
				A491313E1BCA8EE000511F97 /* NewsInfo.m */,
			);
			path = Model;
			sourceTree = "<group>";
		};
		A4C75BB41BC80C72004264AA /* Controller */ = {
			isa = PBXGroup;
			children = (
				A4C75B9D1BC80C08004264AA /* HomeController.h */,
				A4C75B9E1BC80C08004264AA /* HomeController.m */,
			);
			path = Controller;
			sourceTree = "<group>";
		};
		A4C75BB51BC80C83004264AA /* Global */ = {
			isa = PBXGroup;
			children = (
				A49131331BCA5D4500511F97 /* Defines.h */,
				A49131401BCA971400511F97 /* UrlDefines.h */,
			);
			path = Global;
			sourceTree = "<group>";
		};
		A4C75BB61BC80CA3004264AA /* Config */ = {
			isa = PBXGroup;
			children = (
			);
			path = Config;
			sourceTree = "<group>";
		};
/* End PBXGroup section */

/* Begin PBXNativeTarget section */
		A4C75B931BC80C08004264AA /* NewsReader */ = {
			isa = PBXNativeTarget;
			buildConfigurationList = A4C75BAB1BC80C08004264AA /* Build configuration list for PBXNativeTarget "NewsReader" */;
			buildPhases = (
				A4C75B901BC80C08004264AA /* Sources */,
				A4C75B911BC80C08004264AA /* Frameworks */,
				A4C75B921BC80C08004264AA /* Resources */,
			);
			buildRules = (
			);
			dependencies = (
			);
			name = NewsReader;
			productName = NewsReader;
			productReference = A4C75B941BC80C08004264AA /* NewsReader.app */;
			productType = "com.apple.product-type.application";
		};
/* End PBXNativeTarget section */

/* Begin PBXProject section */
		A4C75B8C1BC80C08004264AA /* Project object */ = {
			isa = PBXProject;
			attributes = {
				CLASSPREFIX = "";
				LastUpgradeCheck = 0700;
				ORGANIZATIONNAME = tangtech;
				TargetAttributes = {
					A4C75B931BC80C08004264AA = {
						CreatedOnToolsVersion = 7.0.1;
						DevelopmentTeam = 2AH7GW2HNG;
					};
				};
			};
			buildConfigurationList = A4C75B8F1BC80C08004264AA /* Build configuration list for PBXProject "NewsReader" */;
			compatibilityVersion = "Xcode 3.2";
			developmentRegion = English;
			hasScannedForEncodings = 0;
			knownRegions = (
				en,
				Base,
			);
			mainGroup = A4C75B8B1BC80C08004264AA;
			productRefGroup = A4C75B951BC80C08004264AA /* Products */;
			projectDirPath = "";
			projectRoot = "";
			targets = (
				A4C75B931BC80C08004264AA /* NewsReader */,
			);
		};
/* End PBXProject section */

/* Begin PBXResourcesBuildPhase section */
		A4C75B921BC80C08004264AA /* Resources */ = {
			isa = PBXResourcesBuildPhase;
			buildActionMask = 2147483647;
			files = (
				A49131201BCA3C8E00511F97 /* Main.storyboard in Resources */,
				A4C75BA41BC80C08004264AA /* Assets.xcassets in Resources */,
				A491311F1BCA3C8E00511F97 /* LaunchScreen.storyboard in Resources */,
			);
			runOnlyForDeploymentPostprocessing = 0;
		};
/* End PBXResourcesBuildPhase section */

/* Begin PBXSourcesBuildPhase section */
		A4C75B901BC80C08004264AA /* Sources */ = {
			isa = PBXSourcesBuildPhase;
			buildActionMask = 2147483647;
			files = (
				A491314D1BCAB29500511F97 /* GetNews.m in Sources */,
				A49131301BCA531C00511F97 /* JsonParser.m in Sources */,
				A4C75B9F1BC80C08004264AA /* HomeController.m in Sources */,
				A49131361BCA63F600511F97 /* BaseInfo.m in Sources */,
				A4C75B9C1BC80C08004264AA /* AppDelegate.m in Sources */,
				A491314A1BCAB1D600511F97 /* GetColumn.m in Sources */,
				A49131441BCA97DD00511F97 /* BaseOperation.m in Sources */,
				89E2C3AF1BC92518001C1D01 /* README.md in Sources */,
				A491313C1BCA8E8100511F97 /* ColumnInfo.m in Sources */,
				A4C75B991BC80C08004264AA /* main.m in Sources */,
				A49131471BCAB12F00511F97 /* GetAdvert.m in Sources */,
				A49131321BCA531C00511F97 /* JsonWriter.m in Sources */,
				A491312F1BCA531C00511F97 /* JsonBase.m in Sources */,
				A49131311BCA531C00511F97 /* JsonUtility.m in Sources */,
				A491312E1BCA531C00511F97 /* JSON.m in Sources */,
				A491313F1BCA8EE000511F97 /* NewsInfo.m in Sources */,
				A49131391BCA8C0800511F97 /* AdvertInfo.m in Sources */,
			);
			runOnlyForDeploymentPostprocessing = 0;
		};
/* End PBXSourcesBuildPhase section */

/* Begin XCBuildConfiguration section */
		A4C75BA91BC80C08004264AA /* Debug */ = {
			isa = XCBuildConfiguration;
			buildSettings = {
				ALWAYS_SEARCH_USER_PATHS = NO;
				CLANG_CXX_LANGUAGE_STANDARD = "gnu++0x";
				CLANG_CXX_LIBRARY = "libc++";
				CLANG_ENABLE_MODULES = YES;
				CLANG_ENABLE_OBJC_ARC = YES;
				CLANG_WARN_BOOL_CONVERSION = YES;
				CLANG_WARN_CONSTANT_CONVERSION = YES;
				CLANG_WARN_DIRECT_OBJC_ISA_USAGE = YES_ERROR;
				CLANG_WARN_EMPTY_BODY = YES;
				CLANG_WARN_ENUM_CONVERSION = YES;
				CLANG_WARN_INT_CONVERSION = YES;
				CLANG_WARN_OBJC_ROOT_CLASS = YES_ERROR;
				CLANG_WARN_UNREACHABLE_CODE = YES;
				CLANG_WARN__DUPLICATE_METHOD_MATCH = YES;
				"CODE_SIGN_IDENTITY[sdk=iphoneos*]" = "iPhone Developer";
				COPY_PHASE_STRIP = NO;
				DEBUG_INFORMATION_FORMAT = dwarf;
				ENABLE_STRICT_OBJC_MSGSEND = YES;
				ENABLE_TESTABILITY = YES;
				GCC_C_LANGUAGE_STANDARD = gnu99;
				GCC_DYNAMIC_NO_PIC = NO;
				GCC_NO_COMMON_BLOCKS = YES;
				GCC_OPTIMIZATION_LEVEL = 0;
				GCC_PREPROCESSOR_DEFINITIONS = (
					"DEBUG=1",
					"$(inherited)",
				);
				GCC_WARN_64_TO_32_BIT_CONVERSION = YES;
				GCC_WARN_ABOUT_RETURN_TYPE = YES_ERROR;
				GCC_WARN_UNDECLARED_SELECTOR = YES;
				GCC_WARN_UNINITIALIZED_AUTOS = YES_AGGRESSIVE;
				GCC_WARN_UNUSED_FUNCTION = YES;
				GCC_WARN_UNUSED_VARIABLE = YES;
				IPHONEOS_DEPLOYMENT_TARGET = 8.4;
				MTL_ENABLE_DEBUG_INFO = YES;
				ONLY_ACTIVE_ARCH = YES;
				SDKROOT = iphoneos;
			};
			name = Debug;
		};
		A4C75BAA1BC80C08004264AA /* Release */ = {
			isa = XCBuildConfiguration;
			buildSettings = {
				ALWAYS_SEARCH_USER_PATHS = NO;
				CLANG_CXX_LANGUAGE_STANDARD = "gnu++0x";
				CLANG_CXX_LIBRARY = "libc++";
				CLANG_ENABLE_MODULES = YES;
				CLANG_ENABLE_OBJC_ARC = YES;
				CLANG_WARN_BOOL_CONVERSION = YES;
				CLANG_WARN_CONSTANT_CONVERSION = YES;
				CLANG_WARN_DIRECT_OBJC_ISA_USAGE = YES_ERROR;
				CLANG_WARN_EMPTY_BODY = YES;
				CLANG_WARN_ENUM_CONVERSION = YES;
				CLANG_WARN_INT_CONVERSION = YES;
				CLANG_WARN_OBJC_ROOT_CLASS = YES_ERROR;
				CLANG_WARN_UNREACHABLE_CODE = YES;
				CLANG_WARN__DUPLICATE_METHOD_MATCH = YES;
				"CODE_SIGN_IDENTITY[sdk=iphoneos*]" = "iPhone Developer";
				COPY_PHASE_STRIP = NO;
				DEBUG_INFORMATION_FORMAT = "dwarf-with-dsym";
				ENABLE_NS_ASSERTIONS = NO;
				ENABLE_STRICT_OBJC_MSGSEND = YES;
				GCC_C_LANGUAGE_STANDARD = gnu99;
				GCC_NO_COMMON_BLOCKS = YES;
				GCC_WARN_64_TO_32_BIT_CONVERSION = YES;
				GCC_WARN_ABOUT_RETURN_TYPE = YES_ERROR;
				GCC_WARN_UNDECLARED_SELECTOR = YES;
				GCC_WARN_UNINITIALIZED_AUTOS = YES_AGGRESSIVE;
				GCC_WARN_UNUSED_FUNCTION = YES;
				GCC_WARN_UNUSED_VARIABLE = YES;
				IPHONEOS_DEPLOYMENT_TARGET = 8.4;
				MTL_ENABLE_DEBUG_INFO = NO;
				SDKROOT = iphoneos;
				VALIDATE_PRODUCT = YES;
			};
			name = Release;
		};
		A4C75BAC1BC80C08004264AA /* Debug */ = {
			isa = XCBuildConfiguration;
			buildSettings = {
				ASSETCATALOG_COMPILER_APPICON_NAME = AppIcon;
				ASSETCATALOG_COMPILER_LAUNCHIMAGE_NAME = LaunchImage;
				GCC_PRECOMPILE_PREFIX_HEADER = NO;
				GCC_PREFIX_HEADER = NewsReader/NewsReaderPrefixHeader.pch;
				INFOPLIST_FILE = NewsReader/Info.plist;
				LD_RUNPATH_SEARCH_PATHS = "$(inherited) @executable_path/Frameworks";
				PRODUCT_BUNDLE_IDENTIFIER = com.tang.NewsReader;
				PRODUCT_NAME = "$(TARGET_NAME)";
			};
			name = Debug;
		};
		A4C75BAD1BC80C08004264AA /* Release */ = {
			isa = XCBuildConfiguration;
			buildSettings = {
				ASSETCATALOG_COMPILER_APPICON_NAME = AppIcon;
				ASSETCATALOG_COMPILER_LAUNCHIMAGE_NAME = LaunchImage;
				GCC_PRECOMPILE_PREFIX_HEADER = NO;
				GCC_PREFIX_HEADER = NewsReader/NewsReaderPrefixHeader.pch;
				INFOPLIST_FILE = NewsReader/Info.plist;
				LD_RUNPATH_SEARCH_PATHS = "$(inherited) @executable_path/Frameworks";
				PRODUCT_BUNDLE_IDENTIFIER = com.tang.NewsReader;
				PRODUCT_NAME = "$(TARGET_NAME)";
			};
			name = Release;
		};
		A4C75BB91BC81228004264AA /* AppStore */ = {
			isa = XCBuildConfiguration;
			buildSettings = {
				ALWAYS_SEARCH_USER_PATHS = NO;
				CLANG_CXX_LANGUAGE_STANDARD = "gnu++0x";
				CLANG_CXX_LIBRARY = "libc++";
				CLANG_ENABLE_MODULES = YES;
				CLANG_ENABLE_OBJC_ARC = YES;
				CLANG_WARN_BOOL_CONVERSION = YES;
				CLANG_WARN_CONSTANT_CONVERSION = YES;
				CLANG_WARN_DIRECT_OBJC_ISA_USAGE = YES_ERROR;
				CLANG_WARN_EMPTY_BODY = YES;
				CLANG_WARN_ENUM_CONVERSION = YES;
				CLANG_WARN_INT_CONVERSION = YES;
				CLANG_WARN_OBJC_ROOT_CLASS = YES_ERROR;
				CLANG_WARN_UNREACHABLE_CODE = YES;
				CLANG_WARN__DUPLICATE_METHOD_MATCH = YES;
				"CODE_SIGN_IDENTITY[sdk=iphoneos*]" = "iPhone Developer";
				COPY_PHASE_STRIP = NO;
				DEBUG_INFORMATION_FORMAT = dwarf;
				ENABLE_STRICT_OBJC_MSGSEND = YES;
				ENABLE_TESTABILITY = YES;
				GCC_C_LANGUAGE_STANDARD = gnu99;
				GCC_DYNAMIC_NO_PIC = NO;
				GCC_NO_COMMON_BLOCKS = YES;
				GCC_OPTIMIZATION_LEVEL = 0;
				GCC_PREPROCESSOR_DEFINITIONS = (
					"DEBUG=1",
					"$(inherited)",
				);
				GCC_WARN_64_TO_32_BIT_CONVERSION = YES;
				GCC_WARN_ABOUT_RETURN_TYPE = YES_ERROR;
				GCC_WARN_UNDECLARED_SELECTOR = YES;
				GCC_WARN_UNINITIALIZED_AUTOS = YES_AGGRESSIVE;
				GCC_WARN_UNUSED_FUNCTION = YES;
				GCC_WARN_UNUSED_VARIABLE = YES;
				IPHONEOS_DEPLOYMENT_TARGET = 8.4;
				MTL_ENABLE_DEBUG_INFO = YES;
				ONLY_ACTIVE_ARCH = YES;
				SDKROOT = iphoneos;
			};
			name = AppStore;
		};
		A4C75BBA1BC81228004264AA /* AppStore */ = {
			isa = XCBuildConfiguration;
			buildSettings = {
				ASSETCATALOG_COMPILER_APPICON_NAME = AppIcon;
				ASSETCATALOG_COMPILER_LAUNCHIMAGE_NAME = LaunchImage;
				GCC_PRECOMPILE_PREFIX_HEADER = NO;
				GCC_PREFIX_HEADER = NewsReader/NewsReaderPrefixHeader.pch;
				INFOPLIST_FILE = NewsReader/Info.plist;
				LD_RUNPATH_SEARCH_PATHS = "$(inherited) @executable_path/Frameworks";
				PRODUCT_BUNDLE_IDENTIFIER = com.tang.NewsReader;
				PRODUCT_NAME = "$(TARGET_NAME)";
			};
			name = AppStore;
		};
		A4C75BBB1BC81238004264AA /* AdHoc */ = {
			isa = XCBuildConfiguration;
			buildSettings = {
				ALWAYS_SEARCH_USER_PATHS = NO;
				CLANG_CXX_LANGUAGE_STANDARD = "gnu++0x";
				CLANG_CXX_LIBRARY = "libc++";
				CLANG_ENABLE_MODULES = YES;
				CLANG_ENABLE_OBJC_ARC = YES;
				CLANG_WARN_BOOL_CONVERSION = YES;
				CLANG_WARN_CONSTANT_CONVERSION = YES;
				CLANG_WARN_DIRECT_OBJC_ISA_USAGE = YES_ERROR;
				CLANG_WARN_EMPTY_BODY = YES;
				CLANG_WARN_ENUM_CONVERSION = YES;
				CLANG_WARN_INT_CONVERSION = YES;
				CLANG_WARN_OBJC_ROOT_CLASS = YES_ERROR;
				CLANG_WARN_UNREACHABLE_CODE = YES;
				CLANG_WARN__DUPLICATE_METHOD_MATCH = YES;
				"CODE_SIGN_IDENTITY[sdk=iphoneos*]" = "iPhone Developer";
				COPY_PHASE_STRIP = NO;
				DEBUG_INFORMATION_FORMAT = dwarf;
				ENABLE_STRICT_OBJC_MSGSEND = YES;
				ENABLE_TESTABILITY = YES;
				GCC_C_LANGUAGE_STANDARD = gnu99;
				GCC_DYNAMIC_NO_PIC = NO;
				GCC_NO_COMMON_BLOCKS = YES;
				GCC_OPTIMIZATION_LEVEL = 0;
				GCC_PREPROCESSOR_DEFINITIONS = (
					"DEBUG=1",
					"$(inherited)",
				);
				GCC_WARN_64_TO_32_BIT_CONVERSION = YES;
				GCC_WARN_ABOUT_RETURN_TYPE = YES_ERROR;
				GCC_WARN_UNDECLARED_SELECTOR = YES;
				GCC_WARN_UNINITIALIZED_AUTOS = YES_AGGRESSIVE;
				GCC_WARN_UNUSED_FUNCTION = YES;
				GCC_WARN_UNUSED_VARIABLE = YES;
				IPHONEOS_DEPLOYMENT_TARGET = 8.4;
				MTL_ENABLE_DEBUG_INFO = YES;
				ONLY_ACTIVE_ARCH = YES;
				SDKROOT = iphoneos;
			};
			name = AdHoc;
		};
		A4C75BBC1BC81238004264AA /* AdHoc */ = {
			isa = XCBuildConfiguration;
			buildSettings = {
				ASSETCATALOG_COMPILER_APPICON_NAME = AppIcon;
				ASSETCATALOG_COMPILER_LAUNCHIMAGE_NAME = LaunchImage;
				GCC_PRECOMPILE_PREFIX_HEADER = NO;
				GCC_PREFIX_HEADER = NewsReader/NewsReaderPrefixHeader.pch;
				INFOPLIST_FILE = NewsReader/Info.plist;
				LD_RUNPATH_SEARCH_PATHS = "$(inherited) @executable_path/Frameworks";
				PRODUCT_BUNDLE_IDENTIFIER = com.tang.NewsReader;
				PRODUCT_NAME = "$(TARGET_NAME)";
			};
			name = AdHoc;
		};
		A4C75BBD1BC8124B004264AA /* Enterprise */ = {
			isa = XCBuildConfiguration;
			buildSettings = {
				ALWAYS_SEARCH_USER_PATHS = NO;
				CLANG_CXX_LANGUAGE_STANDARD = "gnu++0x";
				CLANG_CXX_LIBRARY = "libc++";
				CLANG_ENABLE_MODULES = YES;
				CLANG_ENABLE_OBJC_ARC = YES;
				CLANG_WARN_BOOL_CONVERSION = YES;
				CLANG_WARN_CONSTANT_CONVERSION = YES;
				CLANG_WARN_DIRECT_OBJC_ISA_USAGE = YES_ERROR;
				CLANG_WARN_EMPTY_BODY = YES;
				CLANG_WARN_ENUM_CONVERSION = YES;
				CLANG_WARN_INT_CONVERSION = YES;
				CLANG_WARN_OBJC_ROOT_CLASS = YES_ERROR;
				CLANG_WARN_UNREACHABLE_CODE = YES;
				CLANG_WARN__DUPLICATE_METHOD_MATCH = YES;
				"CODE_SIGN_IDENTITY[sdk=iphoneos*]" = "iPhone Developer";
				COPY_PHASE_STRIP = NO;
				DEBUG_INFORMATION_FORMAT = dwarf;
				ENABLE_STRICT_OBJC_MSGSEND = YES;
				ENABLE_TESTABILITY = YES;
				GCC_C_LANGUAGE_STANDARD = gnu99;
				GCC_DYNAMIC_NO_PIC = NO;
				GCC_NO_COMMON_BLOCKS = YES;
				GCC_OPTIMIZATION_LEVEL = 0;
				GCC_PREPROCESSOR_DEFINITIONS = (
					"DEBUG=1",
					"$(inherited)",
				);
				GCC_WARN_64_TO_32_BIT_CONVERSION = YES;
				GCC_WARN_ABOUT_RETURN_TYPE = YES_ERROR;
				GCC_WARN_UNDECLARED_SELECTOR = YES;
				GCC_WARN_UNINITIALIZED_AUTOS = YES_AGGRESSIVE;
				GCC_WARN_UNUSED_FUNCTION = YES;
				GCC_WARN_UNUSED_VARIABLE = YES;
				IPHONEOS_DEPLOYMENT_TARGET = 8.4;
				MTL_ENABLE_DEBUG_INFO = YES;
				ONLY_ACTIVE_ARCH = YES;
				SDKROOT = iphoneos;
			};
			name = Enterprise;
		};
		A4C75BBE1BC8124B004264AA /* Enterprise */ = {
			isa = XCBuildConfiguration;
			buildSettings = {
				ASSETCATALOG_COMPILER_APPICON_NAME = AppIcon;
				ASSETCATALOG_COMPILER_LAUNCHIMAGE_NAME = LaunchImage;
				GCC_PRECOMPILE_PREFIX_HEADER = NO;
				GCC_PREFIX_HEADER = NewsReader/NewsReaderPrefixHeader.pch;
				INFOPLIST_FILE = NewsReader/Info.plist;
				LD_RUNPATH_SEARCH_PATHS = "$(inherited) @executable_path/Frameworks";
				PRODUCT_BUNDLE_IDENTIFIER = com.tang.NewsReader;
				PRODUCT_NAME = "$(TARGET_NAME)";
			};
			name = Enterprise;
		};
/* End XCBuildConfiguration section */

/* Begin XCConfigurationList section */
		A4C75B8F1BC80C08004264AA /* Build configuration list for PBXProject "NewsReader" */ = {
			isa = XCConfigurationList;
			buildConfigurations = (
				A4C75BA91BC80C08004264AA /* Debug */,
				A4C75BB91BC81228004264AA /* AppStore */,
				A4C75BBD1BC8124B004264AA /* Enterprise */,
				A4C75BBB1BC81238004264AA /* AdHoc */,
				A4C75BAA1BC80C08004264AA /* Release */,
			);
			defaultConfigurationIsVisible = 0;
			defaultConfigurationName = Release;
		};
		A4C75BAB1BC80C08004264AA /* Build configuration list for PBXNativeTarget "NewsReader" */ = {
			isa = XCConfigurationList;
			buildConfigurations = (
				A4C75BAC1BC80C08004264AA /* Debug */,
				A4C75BBA1BC81228004264AA /* AppStore */,
				A4C75BBE1BC8124B004264AA /* Enterprise */,
				A4C75BBC1BC81238004264AA /* AdHoc */,
				A4C75BAD1BC80C08004264AA /* Release */,
			);
			defaultConfigurationIsVisible = 0;
			defaultConfigurationName = Release;
		};
/* End XCConfigurationList section */
	};
	rootObject = A4C75B8C1BC80C08004264AA /* Project object */;
}
