// !$*UTF8*$!
{
	archiveVersion = 1;
	classes = {
	};
	objectVersion = 46;
	objects = {

/* Begin PBXBuildFile section */
		89E2C3AF1BC92518001C1D01 /* README.md in Sources */ = {isa = PBXBuildFile; fileRef = 89E2C3AE1BC92518001C1D01 /* README.md */; };
		A41216CD1BD6879C00208201 /* ColumnBarLeft@2x.png in Resources */ = {isa = PBXBuildFile; fileRef = A41216CB1BD6879C00208201 /* ColumnBarLeft@2x.png */; settings = {ASSET_TAGS = (); }; };
		A41216CE1BD6879C00208201 /* ColumnBarRight@2x.png in Resources */ = {isa = PBXBuildFile; fileRef = A41216CC1BD6879C00208201 /* ColumnBarRight@2x.png */; settings = {ASSET_TAGS = (); }; };
		A41216D01BD6993000208201 /* ColumnBarWidget.xib in Resources */ = {isa = PBXBuildFile; fileRef = A41216CF1BD6993000208201 /* ColumnBarWidget.xib */; settings = {ASSET_TAGS = (); }; };
		A472300C1BD683A700B4CF4E /* NewsPage.xib in Resources */ = {isa = PBXBuildFile; fileRef = A472300B1BD683A700B4CF4E /* NewsPage.xib */; settings = {ASSET_TAGS = (); }; };
		A474B7621BD24DC9009A5F3B /* Activity.m in Sources */ = {isa = PBXBuildFile; fileRef = A474B7551BD24DC9009A5F3B /* Activity.m */; settings = {ASSET_TAGS = (); }; };
		A474B7631BD24DC9009A5F3B /* ActivityIndicator.m in Sources */ = {isa = PBXBuildFile; fileRef = A474B7571BD24DC9009A5F3B /* ActivityIndicator.m */; settings = {COMPILER_FLAGS = "-fno-objc-arc"; }; };
		A474B7641BD24DC9009A5F3B /* Date.m in Sources */ = {isa = PBXBuildFile; fileRef = A474B7591BD24DC9009A5F3B /* Date.m */; settings = {ASSET_TAGS = (); }; };
		A474B7651BD24DC9009A5F3B /* AppSetting.m in Sources */ = {isa = PBXBuildFile; fileRef = A474B75B1BD24DC9009A5F3B /* AppSetting.m */; settings = {ASSET_TAGS = (); }; };
		A474B7661BD24DC9009A5F3B /* FileUtility.m in Sources */ = {isa = PBXBuildFile; fileRef = A474B75D1BD24DC9009A5F3B /* FileUtility.m */; settings = {COMPILER_FLAGS = "-fno-objc-arc"; }; };
		A474B7671BD24DC9009A5F3B /* ButtonHelper.m in Sources */ = {isa = PBXBuildFile; fileRef = A474B75F1BD24DC9009A5F3B /* ButtonHelper.m */; settings = {ASSET_TAGS = (); }; };
		A474B7681BD24DC9009A5F3B /* String.m in Sources */ = {isa = PBXBuildFile; fileRef = A474B7611BD24DC9009A5F3B /* String.m */; settings = {COMPILER_FLAGS = "-fno-objc-arc"; }; };
		A474B76A1BD2795B009A5F3B /* AdvertPage.xib in Resources */ = {isa = PBXBuildFile; fileRef = A474B7691BD2795B009A5F3B /* AdvertPage.xib */; settings = {ASSET_TAGS = (); }; };
		A474B76F1BD28119009A5F3B /* Global.m in Sources */ = {isa = PBXBuildFile; fileRef = A474B76C1BD28119009A5F3B /* Global.m */; settings = {ASSET_TAGS = (); }; };
		A474B7701BD28119009A5F3B /* Download.m in Sources */ = {isa = PBXBuildFile; fileRef = A474B76E1BD28119009A5F3B /* Download.m */; settings = {ASSET_TAGS = (); }; };
		A474B7731BD284C9009A5F3B /* GetImage.m in Sources */ = {isa = PBXBuildFile; fileRef = A474B7721BD284C9009A5F3B /* GetImage.m */; settings = {ASSET_TAGS = (); }; };
		A491312E1BCA531C00511F97 /* JSON.m in Sources */ = {isa = PBXBuildFile; fileRef = A49131251BCA531C00511F97 /* JSON.m */; settings = {COMPILER_FLAGS = "-fno-objc-arc"; }; };
		A491312F1BCA531C00511F97 /* JsonBase.m in Sources */ = {isa = PBXBuildFile; fileRef = A49131271BCA531C00511F97 /* JsonBase.m */; settings = {COMPILER_FLAGS = "-fno-objc-arc"; }; };
		A49131301BCA531C00511F97 /* JsonParser.m in Sources */ = {isa = PBXBuildFile; fileRef = A49131291BCA531C00511F97 /* JsonParser.m */; settings = {COMPILER_FLAGS = "-fno-objc-arc"; }; };
		A49131311BCA531C00511F97 /* JsonUtility.m in Sources */ = {isa = PBXBuildFile; fileRef = A491312B1BCA531C00511F97 /* JsonUtility.m */; settings = {COMPILER_FLAGS = "-fno-objc-arc"; }; };
		A49131321BCA531C00511F97 /* JsonWriter.m in Sources */ = {isa = PBXBuildFile; fileRef = A491312D1BCA531C00511F97 /* JsonWriter.m */; settings = {COMPILER_FLAGS = "-fno-objc-arc"; }; };
		A49131361BCA63F600511F97 /* BaseInfo.m in Sources */ = {isa = PBXBuildFile; fileRef = A49131351BCA63F600511F97 /* BaseInfo.m */; settings = {ASSET_TAGS = (); }; };
		A49131391BCA8C0800511F97 /* AdvertInfo.m in Sources */ = {isa = PBXBuildFile; fileRef = A49131381BCA8C0800511F97 /* AdvertInfo.m */; settings = {ASSET_TAGS = (); }; };
		A491313C1BCA8E8100511F97 /* ColumnInfo.m in Sources */ = {isa = PBXBuildFile; fileRef = A491313B1BCA8E8100511F97 /* ColumnInfo.m */; settings = {ASSET_TAGS = (); }; };
		A491313F1BCA8EE000511F97 /* NewsInfo.m in Sources */ = {isa = PBXBuildFile; fileRef = A491313E1BCA8EE000511F97 /* NewsInfo.m */; settings = {ASSET_TAGS = (); }; };
		A491315A1BCABA6E00511F97 /* BaseOperation.m in Sources */ = {isa = PBXBuildFile; fileRef = A49131531BCABA6E00511F97 /* BaseOperation.m */; settings = {ASSET_TAGS = (); }; };
		A491315B1BCABA6E00511F97 /* GetAdvert.m in Sources */ = {isa = PBXBuildFile; fileRef = A49131551BCABA6E00511F97 /* GetAdvert.m */; settings = {ASSET_TAGS = (); }; };
		A491315C1BCABA6E00511F97 /* GetColumn.m in Sources */ = {isa = PBXBuildFile; fileRef = A49131571BCABA6E00511F97 /* GetColumn.m */; settings = {ASSET_TAGS = (); }; };
		A491315D1BCABA6E00511F97 /* GetNews.m in Sources */ = {isa = PBXBuildFile; fileRef = A49131591BCABA6E00511F97 /* GetNews.m */; settings = {ASSET_TAGS = (); }; };
		A4C1BE261BCD37CB00A35706 /* BaseController.m in Sources */ = {isa = PBXBuildFile; fileRef = A4C1BE251BCD37CB00A35706 /* BaseController.m */; settings = {ASSET_TAGS = (); }; };
		A4C1BE2C1BCD38D700A35706 /* BasePage.m in Sources */ = {isa = PBXBuildFile; fileRef = A4C1BE2B1BCD38D700A35706 /* BasePage.m */; settings = {ASSET_TAGS = (); }; };
		A4C1BE2F1BCD38E700A35706 /* HomePage.m in Sources */ = {isa = PBXBuildFile; fileRef = A4C1BE2E1BCD38E700A35706 /* HomePage.m */; settings = {ASSET_TAGS = (); }; };
		A4C1BE321BCD390100A35706 /* AdvertPage.m in Sources */ = {isa = PBXBuildFile; fileRef = A4C1BE311BCD390100A35706 /* AdvertPage.m */; settings = {ASSET_TAGS = (); }; };
		A4C1BE351BCD390F00A35706 /* NewsPage.m in Sources */ = {isa = PBXBuildFile; fileRef = A4C1BE341BCD390F00A35706 /* NewsPage.m */; settings = {ASSET_TAGS = (); }; };
		A4C1BE381BCD392400A35706 /* ReaderPage.m in Sources */ = {isa = PBXBuildFile; fileRef = A4C1BE371BCD392400A35706 /* ReaderPage.m */; settings = {ASSET_TAGS = (); }; };
		A4C1BE3B1BCD393300A35706 /* VoicePage.m in Sources */ = {isa = PBXBuildFile; fileRef = A4C1BE3A1BCD393300A35706 /* VoicePage.m */; settings = {ASSET_TAGS = (); }; };
		A4C1BE3E1BCD394A00A35706 /* DiscoveryPage.m in Sources */ = {isa = PBXBuildFile; fileRef = A4C1BE3D1BCD394A00A35706 /* DiscoveryPage.m */; settings = {ASSET_TAGS = (); }; };
		A4C1BE411BCD395500A35706 /* MyPage.m in Sources */ = {isa = PBXBuildFile; fileRef = A4C1BE401BCD395500A35706 /* MyPage.m */; settings = {ASSET_TAGS = (); }; };
		A4C1BE441BCD396000A35706 /* DetailPage.m in Sources */ = {isa = PBXBuildFile; fileRef = A4C1BE431BCD396000A35706 /* DetailPage.m */; settings = {ASSET_TAGS = (); }; };
		A4C1BE471BCD39C500A35706 /* BaseWidget.m in Sources */ = {isa = PBXBuildFile; fileRef = A4C1BE461BCD39C500A35706 /* BaseWidget.m */; settings = {ASSET_TAGS = (); }; };
		A4C1BE4A1BCD39DD00A35706 /* TableWidget.m in Sources */ = {isa = PBXBuildFile; fileRef = A4C1BE491BCD39DD00A35706 /* TableWidget.m */; settings = {ASSET_TAGS = (); }; };
		A4C1BE4D1BCD3A0B00A35706 /* ColumnBarWidget.m in Sources */ = {isa = PBXBuildFile; fileRef = A4C1BE4C1BCD3A0B00A35706 /* ColumnBarWidget.m */; settings = {ASSET_TAGS = (); }; };
		A4C1BE501BCD3A1700A35706 /* NewsWidget.m in Sources */ = {isa = PBXBuildFile; fileRef = A4C1BE4F1BCD3A1700A35706 /* NewsWidget.m */; settings = {ASSET_TAGS = (); }; };
		A4C1BE531BCD3A2400A35706 /* ReaderWidget.m in Sources */ = {isa = PBXBuildFile; fileRef = A4C1BE521BCD3A2400A35706 /* ReaderWidget.m */; settings = {ASSET_TAGS = (); }; };
		A4C1BE561BCD3A6900A35706 /* BaseCell.m in Sources */ = {isa = PBXBuildFile; fileRef = A4C1BE551BCD3A6900A35706 /* BaseCell.m */; settings = {ASSET_TAGS = (); }; };
		A4C1BE591BCD3ADD00A35706 /* NewsCell.m in Sources */ = {isa = PBXBuildFile; fileRef = A4C1BE581BCD3ADD00A35706 /* NewsCell.m */; settings = {ASSET_TAGS = (); }; };
		A4C1BE5C1BCD3AE800A35706 /* ReaderCell.m in Sources */ = {isa = PBXBuildFile; fileRef = A4C1BE5B1BCD3AE800A35706 /* ReaderCell.m */; settings = {ASSET_TAGS = (); }; };
		A4C1BE5F1BCD3C6400A35706 /* UserInfo.m in Sources */ = {isa = PBXBuildFile; fileRef = A4C1BE5E1BCD3C6400A35706 /* UserInfo.m */; settings = {ASSET_TAGS = (); }; };
		A4C1BE621BCD453D00A35706 /* Login.m in Sources */ = {isa = PBXBuildFile; fileRef = A4C1BE611BCD453D00A35706 /* Login.m */; settings = {ASSET_TAGS = (); }; };
		A4C1BE651BCD460300A35706 /* LoginPage.m in Sources */ = {isa = PBXBuildFile; fileRef = A4C1BE641BCD460300A35706 /* LoginPage.m */; settings = {ASSET_TAGS = (); }; };
		A4C1BE671BCD46CE00A35706 /* LoginPage.xib in Resources */ = {isa = PBXBuildFile; fileRef = A4C1BE661BCD46CE00A35706 /* LoginPage.xib */; settings = {ASSET_TAGS = (); }; };
		A4C1BE6E1BCD4C7100A35706 /* home_page_line_vertical@2x.png in Resources */ = {isa = PBXBuildFile; fileRef = A4C1BE691BCD4C7100A35706 /* home_page_line_vertical@2x.png */; settings = {ASSET_TAGS = (); }; };
		A4C1BE6F1BCD4C7100A35706 /* login_button@2x.png in Resources */ = {isa = PBXBuildFile; fileRef = A4C1BE6A1BCD4C7100A35706 /* login_button@2x.png */; settings = {ASSET_TAGS = (); }; };
		A4C1BE701BCD4C7100A35706 /* login_forgot_button@2x.png in Resources */ = {isa = PBXBuildFile; fileRef = A4C1BE6B1BCD4C7100A35706 /* login_forgot_button@2x.png */; settings = {ASSET_TAGS = (); }; };
		A4C1BE711BCD4C7100A35706 /* login_password_icon@2x.png in Resources */ = {isa = PBXBuildFile; fileRef = A4C1BE6C1BCD4C7100A35706 /* login_password_icon@2x.png */; settings = {ASSET_TAGS = (); }; };
		A4C1BE721BCD4C7100A35706 /* login_username_icon@2x.png in Resources */ = {isa = PBXBuildFile; fileRef = A4C1BE6D1BCD4C7100A35706 /* login_username_icon@2x.png */; settings = {ASSET_TAGS = (); }; };
		A4C75B991BC80C08004264AA /* main.m in Sources */ = {isa = PBXBuildFile; fileRef = A4C75B981BC80C08004264AA /* main.m */; };
		A4C75B9C1BC80C08004264AA /* AppDelegate.m in Sources */ = {isa = PBXBuildFile; fileRef = A4C75B9B1BC80C08004264AA /* AppDelegate.m */; };
		A4C75BA41BC80C08004264AA /* Assets.xcassets in Resources */ = {isa = PBXBuildFile; fileRef = A4C75BA31BC80C08004264AA /* Assets.xcassets */; };
		A4D89E031BD523EC00FC9655 /* TabBarPages.plist in Resources */ = {isa = PBXBuildFile; fileRef = A4D89E021BD523EC00FC9655 /* TabBarPages.plist */; settings = {ASSET_TAGS = (); }; };
		A4D89E121BD524F200FC9655 /* tabbar_icon_media_highlight@2x.png in Resources */ = {isa = PBXBuildFile; fileRef = A4D89E051BD524F200FC9655 /* tabbar_icon_media_highlight@2x.png */; settings = {ASSET_TAGS = (); }; };
		A4D89E131BD524F200FC9655 /* tabbar_icon_media_normal@2x.png in Resources */ = {isa = PBXBuildFile; fileRef = A4D89E061BD524F200FC9655 /* tabbar_icon_media_normal@2x.png */; settings = {ASSET_TAGS = (); }; };
		A4D89E141BD524F200FC9655 /* TabBarShadow@2x.png in Resources */ = {isa = PBXBuildFile; fileRef = A4D89E071BD524F200FC9655 /* TabBarShadow@2x.png */; settings = {ASSET_TAGS = (); }; };
		A4D89E151BD524F200FC9655 /* DiscoveryIcon@2x.png in Resources */ = {isa = PBXBuildFile; fileRef = A4D89E081BD524F200FC9655 /* DiscoveryIcon@2x.png */; settings = {ASSET_TAGS = (); }; };
		A4D89E161BD524F200FC9655 /* DiscoveryIconSelect@2x.png in Resources */ = {isa = PBXBuildFile; fileRef = A4D89E091BD524F200FC9655 /* DiscoveryIconSelect@2x.png */; settings = {ASSET_TAGS = (); }; };
		A4D89E171BD524F200FC9655 /* MyIcon@2x.png in Resources */ = {isa = PBXBuildFile; fileRef = A4D89E0A1BD524F200FC9655 /* MyIcon@2x.png */; settings = {ASSET_TAGS = (); }; };
		A4D89E181BD524F200FC9655 /* MyIconSelect@2x.png in Resources */ = {isa = PBXBuildFile; fileRef = A4D89E0B1BD524F200FC9655 /* MyIconSelect@2x.png */; settings = {ASSET_TAGS = (); }; };
		A4D89E191BD524F200FC9655 /* NewsIcon@2x.png in Resources */ = {isa = PBXBuildFile; fileRef = A4D89E0C1BD524F200FC9655 /* NewsIcon@2x.png */; settings = {ASSET_TAGS = (); }; };
		A4D89E1A1BD524F200FC9655 /* NewsIconSelect@2x.png in Resources */ = {isa = PBXBuildFile; fileRef = A4D89E0D1BD524F200FC9655 /* NewsIconSelect@2x.png */; settings = {ASSET_TAGS = (); }; };
		A4D89E1B1BD524F200FC9655 /* ReaderIcon@2x.png in Resources */ = {isa = PBXBuildFile; fileRef = A4D89E0E1BD524F200FC9655 /* ReaderIcon@2x.png */; settings = {ASSET_TAGS = (); }; };
		A4D89E1C1BD524F200FC9655 /* ReaderIconSelect@2x.png in Resources */ = {isa = PBXBuildFile; fileRef = A4D89E0F1BD524F200FC9655 /* ReaderIconSelect@2x.png */; settings = {ASSET_TAGS = (); }; };
		A4D89E1D1BD524F200FC9655 /* VoiceIcon@2x.png in Resources */ = {isa = PBXBuildFile; fileRef = A4D89E101BD524F200FC9655 /* VoiceIcon@2x.png */; settings = {ASSET_TAGS = (); }; };
		A4D89E1E1BD524F200FC9655 /* VoiceIconSelect@2x.png in Resources */ = {isa = PBXBuildFile; fileRef = A4D89E111BD524F200FC9655 /* VoiceIconSelect@2x.png */; settings = {ASSET_TAGS = (); }; };
		A4D89E211BD5259000FC9655 /* PageInfo.m in Sources */ = {isa = PBXBuildFile; fileRef = A4D89E201BD5259000FC9655 /* PageInfo.m */; settings = {ASSET_TAGS = (); }; };
		A4F129F31BD3CCA80010148F /* NavigationBackBlack@2x.png in Resources */ = {isa = PBXBuildFile; fileRef = A4F129E91BD3CCA80010148F /* NavigationBackBlack@2x.png */; settings = {ASSET_TAGS = (); }; };
		A4F129F41BD3CCA80010148F /* NavBarIcon@2x.png in Resources */ = {isa = PBXBuildFile; fileRef = A4F129EA1BD3CCA80010148F /* NavBarIcon@2x.png */; settings = {ASSET_TAGS = (); }; };
		A4F129F51BD3CCA80010148F /* NavBarAlpha.png in Resources */ = {isa = PBXBuildFile; fileRef = A4F129EB1BD3CCA80010148F /* NavBarAlpha.png */; settings = {ASSET_TAGS = (); }; };
		A4F129F61BD3CCA80010148F /* NavBarWhite44@2x.png in Resources */ = {isa = PBXBuildFile; fileRef = A4F129EC1BD3CCA80010148F /* NavBarWhite44@2x.png */; settings = {ASSET_TAGS = (); }; };
		A4F129F71BD3CCA80010148F /* NavBarWhite64@2x.png in Resources */ = {isa = PBXBuildFile; fileRef = A4F129ED1BD3CCA80010148F /* NavBarWhite64@2x.png */; settings = {ASSET_TAGS = (); }; };
		A4F129F81BD3CCA80010148F /* NavigationBar44@2x.png in Resources */ = {isa = PBXBuildFile; fileRef = A4F129EE1BD3CCA80010148F /* NavigationBar44@2x.png */; settings = {ASSET_TAGS = (); }; };
		A4F129F91BD3CCA80010148F /* NavigationBar64@2x.png in Resources */ = {isa = PBXBuildFile; fileRef = A4F129EF1BD3CCA80010148F /* NavigationBar64@2x.png */; settings = {ASSET_TAGS = (); }; };
		A4F129FA1BD3CCA80010148F /* NavigationBack@2x.png in Resources */ = {isa = PBXBuildFile; fileRef = A4F129F01BD3CCA80010148F /* NavigationBack@2x.png */; settings = {ASSET_TAGS = (); }; };
		A4F129FB1BD3CCA80010148F /* NavigationBell@2x.png in Resources */ = {isa = PBXBuildFile; fileRef = A4F129F11BD3CCA80010148F /* NavigationBell@2x.png */; settings = {ASSET_TAGS = (); }; };
		A4F129FC1BD3CCA80010148F /* NavigationSquare@2x.png in Resources */ = {isa = PBXBuildFile; fileRef = A4F129F21BD3CCA80010148F /* NavigationSquare@2x.png */; settings = {ASSET_TAGS = (); }; };
/* End PBXBuildFile section */

/* Begin PBXFileReference section */
		89E2C3AE1BC92518001C1D01 /* README.md */ = {isa = PBXFileReference; fileEncoding = 4; lastKnownFileType = net.daringfireball.markdown; path = README.md; sourceTree = "<group>"; };
		A41216CB1BD6879C00208201 /* ColumnBarLeft@2x.png */ = {isa = PBXFileReference; lastKnownFileType = image.png; path = "ColumnBarLeft@2x.png"; sourceTree = "<group>"; };
		A41216CC1BD6879C00208201 /* ColumnBarRight@2x.png */ = {isa = PBXFileReference; lastKnownFileType = image.png; path = "ColumnBarRight@2x.png"; sourceTree = "<group>"; };
		A41216CF1BD6993000208201 /* ColumnBarWidget.xib */ = {isa = PBXFileReference; fileEncoding = 4; lastKnownFileType = file.xib; path = ColumnBarWidget.xib; sourceTree = "<group>"; };
		A472300B1BD683A700B4CF4E /* NewsPage.xib */ = {isa = PBXFileReference; fileEncoding = 4; lastKnownFileType = file.xib; path = NewsPage.xib; sourceTree = "<group>"; };
		A474B7541BD24DC9009A5F3B /* Activity.h */ = {isa = PBXFileReference; fileEncoding = 4; lastKnownFileType = sourcecode.c.h; path = Activity.h; sourceTree = "<group>"; };
		A474B7551BD24DC9009A5F3B /* Activity.m */ = {isa = PBXFileReference; fileEncoding = 4; lastKnownFileType = sourcecode.c.objc; path = Activity.m; sourceTree = "<group>"; };
		A474B7561BD24DC9009A5F3B /* ActivityIndicator.h */ = {isa = PBXFileReference; fileEncoding = 4; lastKnownFileType = sourcecode.c.h; path = ActivityIndicator.h; sourceTree = "<group>"; };
		A474B7571BD24DC9009A5F3B /* ActivityIndicator.m */ = {isa = PBXFileReference; fileEncoding = 4; lastKnownFileType = sourcecode.c.objc; path = ActivityIndicator.m; sourceTree = "<group>"; };
		A474B7581BD24DC9009A5F3B /* Date.h */ = {isa = PBXFileReference; fileEncoding = 4; lastKnownFileType = sourcecode.c.h; path = Date.h; sourceTree = "<group>"; };
		A474B7591BD24DC9009A5F3B /* Date.m */ = {isa = PBXFileReference; fileEncoding = 4; lastKnownFileType = sourcecode.c.objc; path = Date.m; sourceTree = "<group>"; };
		A474B75A1BD24DC9009A5F3B /* AppSetting.h */ = {isa = PBXFileReference; fileEncoding = 4; lastKnownFileType = sourcecode.c.h; path = AppSetting.h; sourceTree = "<group>"; };
		A474B75B1BD24DC9009A5F3B /* AppSetting.m */ = {isa = PBXFileReference; fileEncoding = 4; lastKnownFileType = sourcecode.c.objc; path = AppSetting.m; sourceTree = "<group>"; };
		A474B75C1BD24DC9009A5F3B /* FileUtility.h */ = {isa = PBXFileReference; fileEncoding = 4; lastKnownFileType = sourcecode.c.h; path = FileUtility.h; sourceTree = "<group>"; };
		A474B75D1BD24DC9009A5F3B /* FileUtility.m */ = {isa = PBXFileReference; fileEncoding = 4; lastKnownFileType = sourcecode.c.objc; path = FileUtility.m; sourceTree = "<group>"; };
		A474B75E1BD24DC9009A5F3B /* ButtonHelper.h */ = {isa = PBXFileReference; fileEncoding = 4; lastKnownFileType = sourcecode.c.h; path = ButtonHelper.h; sourceTree = "<group>"; };
		A474B75F1BD24DC9009A5F3B /* ButtonHelper.m */ = {isa = PBXFileReference; fileEncoding = 4; lastKnownFileType = sourcecode.c.objc; path = ButtonHelper.m; sourceTree = "<group>"; };
		A474B7601BD24DC9009A5F3B /* String.h */ = {isa = PBXFileReference; fileEncoding = 4; lastKnownFileType = sourcecode.c.h; path = String.h; sourceTree = "<group>"; };
		A474B7611BD24DC9009A5F3B /* String.m */ = {isa = PBXFileReference; fileEncoding = 4; lastKnownFileType = sourcecode.c.objc; path = String.m; sourceTree = "<group>"; };
		A474B7691BD2795B009A5F3B /* AdvertPage.xib */ = {isa = PBXFileReference; fileEncoding = 4; lastKnownFileType = file.xib; path = AdvertPage.xib; sourceTree = "<group>"; };
		A474B76B1BD28119009A5F3B /* Global.h */ = {isa = PBXFileReference; fileEncoding = 4; lastKnownFileType = sourcecode.c.h; path = Global.h; sourceTree = "<group>"; };
		A474B76C1BD28119009A5F3B /* Global.m */ = {isa = PBXFileReference; fileEncoding = 4; lastKnownFileType = sourcecode.c.objc; path = Global.m; sourceTree = "<group>"; };
		A474B76D1BD28119009A5F3B /* Download.h */ = {isa = PBXFileReference; fileEncoding = 4; lastKnownFileType = sourcecode.c.h; path = Download.h; sourceTree = "<group>"; };
		A474B76E1BD28119009A5F3B /* Download.m */ = {isa = PBXFileReference; fileEncoding = 4; lastKnownFileType = sourcecode.c.objc; path = Download.m; sourceTree = "<group>"; };
		A474B7711BD284C9009A5F3B /* GetImage.h */ = {isa = PBXFileReference; fileEncoding = 4; lastKnownFileType = sourcecode.c.h; path = GetImage.h; sourceTree = "<group>"; };
		A474B7721BD284C9009A5F3B /* GetImage.m */ = {isa = PBXFileReference; fileEncoding = 4; lastKnownFileType = sourcecode.c.objc; path = GetImage.m; sourceTree = "<group>"; };
		A49131241BCA531C00511F97 /* JSON.h */ = {isa = PBXFileReference; fileEncoding = 4; lastKnownFileType = sourcecode.c.h; path = JSON.h; sourceTree = "<group>"; };
		A49131251BCA531C00511F97 /* JSON.m */ = {isa = PBXFileReference; fileEncoding = 4; lastKnownFileType = sourcecode.c.objc; path = JSON.m; sourceTree = "<group>"; };
		A49131261BCA531C00511F97 /* JsonBase.h */ = {isa = PBXFileReference; fileEncoding = 4; lastKnownFileType = sourcecode.c.h; path = JsonBase.h; sourceTree = "<group>"; };
		A49131271BCA531C00511F97 /* JsonBase.m */ = {isa = PBXFileReference; fileEncoding = 4; lastKnownFileType = sourcecode.c.objc; path = JsonBase.m; sourceTree = "<group>"; };
		A49131281BCA531C00511F97 /* JsonParser.h */ = {isa = PBXFileReference; fileEncoding = 4; lastKnownFileType = sourcecode.c.h; path = JsonParser.h; sourceTree = "<group>"; };
		A49131291BCA531C00511F97 /* JsonParser.m */ = {isa = PBXFileReference; fileEncoding = 4; lastKnownFileType = sourcecode.c.objc; path = JsonParser.m; sourceTree = "<group>"; };
		A491312A1BCA531C00511F97 /* JsonUtility.h */ = {isa = PBXFileReference; fileEncoding = 4; lastKnownFileType = sourcecode.c.h; path = JsonUtility.h; sourceTree = "<group>"; };
		A491312B1BCA531C00511F97 /* JsonUtility.m */ = {isa = PBXFileReference; fileEncoding = 4; lastKnownFileType = sourcecode.c.objc; path = JsonUtility.m; sourceTree = "<group>"; };
		A491312C1BCA531C00511F97 /* JsonWriter.h */ = {isa = PBXFileReference; fileEncoding = 4; lastKnownFileType = sourcecode.c.h; path = JsonWriter.h; sourceTree = "<group>"; };
		A491312D1BCA531C00511F97 /* JsonWriter.m */ = {isa = PBXFileReference; fileEncoding = 4; lastKnownFileType = sourcecode.c.objc; path = JsonWriter.m; sourceTree = "<group>"; };
		A49131331BCA5D4500511F97 /* Defines.h */ = {isa = PBXFileReference; fileEncoding = 4; lastKnownFileType = sourcecode.c.h; path = Defines.h; sourceTree = "<group>"; };
		A49131341BCA63F600511F97 /* BaseInfo.h */ = {isa = PBXFileReference; fileEncoding = 4; lastKnownFileType = sourcecode.c.h; path = BaseInfo.h; sourceTree = "<group>"; };
		A49131351BCA63F600511F97 /* BaseInfo.m */ = {isa = PBXFileReference; fileEncoding = 4; lastKnownFileType = sourcecode.c.objc; path = BaseInfo.m; sourceTree = "<group>"; };
		A49131371BCA8C0800511F97 /* AdvertInfo.h */ = {isa = PBXFileReference; fileEncoding = 4; lastKnownFileType = sourcecode.c.h; path = AdvertInfo.h; sourceTree = "<group>"; };
		A49131381BCA8C0800511F97 /* AdvertInfo.m */ = {isa = PBXFileReference; fileEncoding = 4; lastKnownFileType = sourcecode.c.objc; path = AdvertInfo.m; sourceTree = "<group>"; };
		A491313A1BCA8E8100511F97 /* ColumnInfo.h */ = {isa = PBXFileReference; fileEncoding = 4; lastKnownFileType = sourcecode.c.h; path = ColumnInfo.h; sourceTree = "<group>"; };
		A491313B1BCA8E8100511F97 /* ColumnInfo.m */ = {isa = PBXFileReference; fileEncoding = 4; lastKnownFileType = sourcecode.c.objc; path = ColumnInfo.m; sourceTree = "<group>"; };
		A491313D1BCA8EE000511F97 /* NewsInfo.h */ = {isa = PBXFileReference; fileEncoding = 4; lastKnownFileType = sourcecode.c.h; path = NewsInfo.h; sourceTree = "<group>"; };
		A491313E1BCA8EE000511F97 /* NewsInfo.m */ = {isa = PBXFileReference; fileEncoding = 4; lastKnownFileType = sourcecode.c.objc; path = NewsInfo.m; sourceTree = "<group>"; };
		A49131401BCA971400511F97 /* UrlDefines.h */ = {isa = PBXFileReference; lastKnownFileType = sourcecode.c.h; path = UrlDefines.h; sourceTree = "<group>"; };
		A49131521BCABA6E00511F97 /* BaseOperation.h */ = {isa = PBXFileReference; fileEncoding = 4; lastKnownFileType = sourcecode.c.h; path = BaseOperation.h; sourceTree = "<group>"; };
		A49131531BCABA6E00511F97 /* BaseOperation.m */ = {isa = PBXFileReference; fileEncoding = 4; lastKnownFileType = sourcecode.c.objc; path = BaseOperation.m; sourceTree = "<group>"; };
		A49131541BCABA6E00511F97 /* GetAdvert.h */ = {isa = PBXFileReference; fileEncoding = 4; lastKnownFileType = sourcecode.c.h; path = GetAdvert.h; sourceTree = "<group>"; };
		A49131551BCABA6E00511F97 /* GetAdvert.m */ = {isa = PBXFileReference; fileEncoding = 4; lastKnownFileType = sourcecode.c.objc; path = GetAdvert.m; sourceTree = "<group>"; };
		A49131561BCABA6E00511F97 /* GetColumn.h */ = {isa = PBXFileReference; fileEncoding = 4; lastKnownFileType = sourcecode.c.h; path = GetColumn.h; sourceTree = "<group>"; };
		A49131571BCABA6E00511F97 /* GetColumn.m */ = {isa = PBXFileReference; fileEncoding = 4; lastKnownFileType = sourcecode.c.objc; path = GetColumn.m; sourceTree = "<group>"; };
		A49131581BCABA6E00511F97 /* GetNews.h */ = {isa = PBXFileReference; fileEncoding = 4; lastKnownFileType = sourcecode.c.h; path = GetNews.h; sourceTree = "<group>"; };
		A49131591BCABA6E00511F97 /* GetNews.m */ = {isa = PBXFileReference; fileEncoding = 4; lastKnownFileType = sourcecode.c.objc; path = GetNews.m; sourceTree = "<group>"; };
		A4C1BE241BCD37CB00A35706 /* BaseController.h */ = {isa = PBXFileReference; fileEncoding = 4; lastKnownFileType = sourcecode.c.h; path = BaseController.h; sourceTree = "<group>"; };
		A4C1BE251BCD37CB00A35706 /* BaseController.m */ = {isa = PBXFileReference; fileEncoding = 4; lastKnownFileType = sourcecode.c.objc; path = BaseController.m; sourceTree = "<group>"; };
		A4C1BE2A1BCD38D700A35706 /* BasePage.h */ = {isa = PBXFileReference; fileEncoding = 4; lastKnownFileType = sourcecode.c.h; path = BasePage.h; sourceTree = "<group>"; };
		A4C1BE2B1BCD38D700A35706 /* BasePage.m */ = {isa = PBXFileReference; fileEncoding = 4; lastKnownFileType = sourcecode.c.objc; path = BasePage.m; sourceTree = "<group>"; };
		A4C1BE2D1BCD38E700A35706 /* HomePage.h */ = {isa = PBXFileReference; fileEncoding = 4; lastKnownFileType = sourcecode.c.h; path = HomePage.h; sourceTree = "<group>"; };
		A4C1BE2E1BCD38E700A35706 /* HomePage.m */ = {isa = PBXFileReference; fileEncoding = 4; lastKnownFileType = sourcecode.c.objc; path = HomePage.m; sourceTree = "<group>"; };
		A4C1BE301BCD390100A35706 /* AdvertPage.h */ = {isa = PBXFileReference; fileEncoding = 4; lastKnownFileType = sourcecode.c.h; path = AdvertPage.h; sourceTree = "<group>"; };
		A4C1BE311BCD390100A35706 /* AdvertPage.m */ = {isa = PBXFileReference; fileEncoding = 4; lastKnownFileType = sourcecode.c.objc; path = AdvertPage.m; sourceTree = "<group>"; };
		A4C1BE331BCD390F00A35706 /* NewsPage.h */ = {isa = PBXFileReference; fileEncoding = 4; lastKnownFileType = sourcecode.c.h; path = NewsPage.h; sourceTree = "<group>"; };
		A4C1BE341BCD390F00A35706 /* NewsPage.m */ = {isa = PBXFileReference; fileEncoding = 4; lastKnownFileType = sourcecode.c.objc; path = NewsPage.m; sourceTree = "<group>"; };
		A4C1BE361BCD392400A35706 /* ReaderPage.h */ = {isa = PBXFileReference; fileEncoding = 4; lastKnownFileType = sourcecode.c.h; path = ReaderPage.h; sourceTree = "<group>"; };
		A4C1BE371BCD392400A35706 /* ReaderPage.m */ = {isa = PBXFileReference; fileEncoding = 4; lastKnownFileType = sourcecode.c.objc; path = ReaderPage.m; sourceTree = "<group>"; };
		A4C1BE391BCD393300A35706 /* VoicePage.h */ = {isa = PBXFileReference; fileEncoding = 4; lastKnownFileType = sourcecode.c.h; path = VoicePage.h; sourceTree = "<group>"; };
		A4C1BE3A1BCD393300A35706 /* VoicePage.m */ = {isa = PBXFileReference; fileEncoding = 4; lastKnownFileType = sourcecode.c.objc; path = VoicePage.m; sourceTree = "<group>"; };
		A4C1BE3C1BCD394A00A35706 /* DiscoveryPage.h */ = {isa = PBXFileReference; fileEncoding = 4; lastKnownFileType = sourcecode.c.h; path = DiscoveryPage.h; sourceTree = "<group>"; };
		A4C1BE3D1BCD394A00A35706 /* DiscoveryPage.m */ = {isa = PBXFileReference; fileEncoding = 4; lastKnownFileType = sourcecode.c.objc; path = DiscoveryPage.m; sourceTree = "<group>"; };
		A4C1BE3F1BCD395500A35706 /* MyPage.h */ = {isa = PBXFileReference; fileEncoding = 4; lastKnownFileType = sourcecode.c.h; path = MyPage.h; sourceTree = "<group>"; };
		A4C1BE401BCD395500A35706 /* MyPage.m */ = {isa = PBXFileReference; fileEncoding = 4; lastKnownFileType = sourcecode.c.objc; path = MyPage.m; sourceTree = "<group>"; };
		A4C1BE421BCD396000A35706 /* DetailPage.h */ = {isa = PBXFileReference; fileEncoding = 4; lastKnownFileType = sourcecode.c.h; path = DetailPage.h; sourceTree = "<group>"; };
		A4C1BE431BCD396000A35706 /* DetailPage.m */ = {isa = PBXFileReference; fileEncoding = 4; lastKnownFileType = sourcecode.c.objc; path = DetailPage.m; sourceTree = "<group>"; };
		A4C1BE451BCD39C500A35706 /* BaseWidget.h */ = {isa = PBXFileReference; fileEncoding = 4; lastKnownFileType = sourcecode.c.h; path = BaseWidget.h; sourceTree = "<group>"; };
		A4C1BE461BCD39C500A35706 /* BaseWidget.m */ = {isa = PBXFileReference; fileEncoding = 4; lastKnownFileType = sourcecode.c.objc; path = BaseWidget.m; sourceTree = "<group>"; };
		A4C1BE481BCD39DD00A35706 /* TableWidget.h */ = {isa = PBXFileReference; fileEncoding = 4; lastKnownFileType = sourcecode.c.h; path = TableWidget.h; sourceTree = "<group>"; };
		A4C1BE491BCD39DD00A35706 /* TableWidget.m */ = {isa = PBXFileReference; fileEncoding = 4; lastKnownFileType = sourcecode.c.objc; path = TableWidget.m; sourceTree = "<group>"; };
		A4C1BE4B1BCD3A0B00A35706 /* ColumnBarWidget.h */ = {isa = PBXFileReference; fileEncoding = 4; lastKnownFileType = sourcecode.c.h; path = ColumnBarWidget.h; sourceTree = "<group>"; };
		A4C1BE4C1BCD3A0B00A35706 /* ColumnBarWidget.m */ = {isa = PBXFileReference; fileEncoding = 4; lastKnownFileType = sourcecode.c.objc; path = ColumnBarWidget.m; sourceTree = "<group>"; };
		A4C1BE4E1BCD3A1700A35706 /* NewsWidget.h */ = {isa = PBXFileReference; fileEncoding = 4; lastKnownFileType = sourcecode.c.h; path = NewsWidget.h; sourceTree = "<group>"; };
		A4C1BE4F1BCD3A1700A35706 /* NewsWidget.m */ = {isa = PBXFileReference; fileEncoding = 4; lastKnownFileType = sourcecode.c.objc; path = NewsWidget.m; sourceTree = "<group>"; };
		A4C1BE511BCD3A2400A35706 /* ReaderWidget.h */ = {isa = PBXFileReference; fileEncoding = 4; lastKnownFileType = sourcecode.c.h; path = ReaderWidget.h; sourceTree = "<group>"; };
		A4C1BE521BCD3A2400A35706 /* ReaderWidget.m */ = {isa = PBXFileReference; fileEncoding = 4; lastKnownFileType = sourcecode.c.objc; path = ReaderWidget.m; sourceTree = "<group>"; };
		A4C1BE541BCD3A6900A35706 /* BaseCell.h */ = {isa = PBXFileReference; fileEncoding = 4; lastKnownFileType = sourcecode.c.h; path = BaseCell.h; sourceTree = "<group>"; };
		A4C1BE551BCD3A6900A35706 /* BaseCell.m */ = {isa = PBXFileReference; fileEncoding = 4; lastKnownFileType = sourcecode.c.objc; path = BaseCell.m; sourceTree = "<group>"; };
		A4C1BE571BCD3ADD00A35706 /* NewsCell.h */ = {isa = PBXFileReference; fileEncoding = 4; lastKnownFileType = sourcecode.c.h; path = NewsCell.h; sourceTree = "<group>"; };
		A4C1BE581BCD3ADD00A35706 /* NewsCell.m */ = {isa = PBXFileReference; fileEncoding = 4; lastKnownFileType = sourcecode.c.objc; path = NewsCell.m; sourceTree = "<group>"; };
		A4C1BE5A1BCD3AE800A35706 /* ReaderCell.h */ = {isa = PBXFileReference; fileEncoding = 4; lastKnownFileType = sourcecode.c.h; path = ReaderCell.h; sourceTree = "<group>"; };
		A4C1BE5B1BCD3AE800A35706 /* ReaderCell.m */ = {isa = PBXFileReference; fileEncoding = 4; lastKnownFileType = sourcecode.c.objc; path = ReaderCell.m; sourceTree = "<group>"; };
		A4C1BE5D1BCD3C6400A35706 /* UserInfo.h */ = {isa = PBXFileReference; fileEncoding = 4; lastKnownFileType = sourcecode.c.h; path = UserInfo.h; sourceTree = "<group>"; };
		A4C1BE5E1BCD3C6400A35706 /* UserInfo.m */ = {isa = PBXFileReference; fileEncoding = 4; lastKnownFileType = sourcecode.c.objc; path = UserInfo.m; sourceTree = "<group>"; };
		A4C1BE601BCD453D00A35706 /* Login.h */ = {isa = PBXFileReference; fileEncoding = 4; lastKnownFileType = sourcecode.c.h; path = Login.h; sourceTree = "<group>"; };
		A4C1BE611BCD453D00A35706 /* Login.m */ = {isa = PBXFileReference; fileEncoding = 4; lastKnownFileType = sourcecode.c.objc; path = Login.m; sourceTree = "<group>"; };
		A4C1BE631BCD460300A35706 /* LoginPage.h */ = {isa = PBXFileReference; fileEncoding = 4; lastKnownFileType = sourcecode.c.h; path = LoginPage.h; sourceTree = "<group>"; };
		A4C1BE641BCD460300A35706 /* LoginPage.m */ = {isa = PBXFileReference; fileEncoding = 4; lastKnownFileType = sourcecode.c.objc; path = LoginPage.m; sourceTree = "<group>"; };
		A4C1BE661BCD46CE00A35706 /* LoginPage.xib */ = {isa = PBXFileReference; fileEncoding = 4; lastKnownFileType = file.xib; path = LoginPage.xib; sourceTree = "<group>"; };
		A4C1BE691BCD4C7100A35706 /* home_page_line_vertical@2x.png */ = {isa = PBXFileReference; lastKnownFileType = image.png; path = "home_page_line_vertical@2x.png"; sourceTree = "<group>"; };
		A4C1BE6A1BCD4C7100A35706 /* login_button@2x.png */ = {isa = PBXFileReference; lastKnownFileType = image.png; path = "login_button@2x.png"; sourceTree = "<group>"; };
		A4C1BE6B1BCD4C7100A35706 /* login_forgot_button@2x.png */ = {isa = PBXFileReference; lastKnownFileType = image.png; path = "login_forgot_button@2x.png"; sourceTree = "<group>"; };
		A4C1BE6C1BCD4C7100A35706 /* login_password_icon@2x.png */ = {isa = PBXFileReference; lastKnownFileType = image.png; path = "login_password_icon@2x.png"; sourceTree = "<group>"; };
		A4C1BE6D1BCD4C7100A35706 /* login_username_icon@2x.png */ = {isa = PBXFileReference; lastKnownFileType = image.png; path = "login_username_icon@2x.png"; sourceTree = "<group>"; };
		A4C75B941BC80C08004264AA /* NewsReader.app */ = {isa = PBXFileReference; explicitFileType = wrapper.application; includeInIndex = 0; path = NewsReader.app; sourceTree = BUILT_PRODUCTS_DIR; };
		A4C75B981BC80C08004264AA /* main.m */ = {isa = PBXFileReference; lastKnownFileType = sourcecode.c.objc; path = main.m; sourceTree = "<group>"; };
		A4C75B9A1BC80C08004264AA /* AppDelegate.h */ = {isa = PBXFileReference; lastKnownFileType = sourcecode.c.h; path = AppDelegate.h; sourceTree = "<group>"; };
		A4C75B9B1BC80C08004264AA /* AppDelegate.m */ = {isa = PBXFileReference; lastKnownFileType = sourcecode.c.objc; path = AppDelegate.m; sourceTree = "<group>"; };
		A4C75BA31BC80C08004264AA /* Assets.xcassets */ = {isa = PBXFileReference; lastKnownFileType = folder.assetcatalog; path = Assets.xcassets; sourceTree = "<group>"; };
		A4C75BA81BC80C08004264AA /* Info.plist */ = {isa = PBXFileReference; lastKnownFileType = text.plist.xml; path = Info.plist; sourceTree = "<group>"; };
		A4C75BBF1BC81474004264AA /* NewsReaderPrefixHeader.pch */ = {isa = PBXFileReference; lastKnownFileType = sourcecode.c.h; path = NewsReaderPrefixHeader.pch; sourceTree = "<group>"; };
		A4D89E021BD523EC00FC9655 /* TabBarPages.plist */ = {isa = PBXFileReference; fileEncoding = 4; lastKnownFileType = text.plist.xml; path = TabBarPages.plist; sourceTree = "<group>"; };
		A4D89E051BD524F200FC9655 /* tabbar_icon_media_highlight@2x.png */ = {isa = PBXFileReference; lastKnownFileType = image.png; path = "tabbar_icon_media_highlight@2x.png"; sourceTree = "<group>"; };
		A4D89E061BD524F200FC9655 /* tabbar_icon_media_normal@2x.png */ = {isa = PBXFileReference; lastKnownFileType = image.png; path = "tabbar_icon_media_normal@2x.png"; sourceTree = "<group>"; };
		A4D89E071BD524F200FC9655 /* TabBarShadow@2x.png */ = {isa = PBXFileReference; lastKnownFileType = image.png; path = "TabBarShadow@2x.png"; sourceTree = "<group>"; };
		A4D89E081BD524F200FC9655 /* DiscoveryIcon@2x.png */ = {isa = PBXFileReference; lastKnownFileType = image.png; path = "DiscoveryIcon@2x.png"; sourceTree = "<group>"; };
		A4D89E091BD524F200FC9655 /* DiscoveryIconSelect@2x.png */ = {isa = PBXFileReference; lastKnownFileType = image.png; path = "DiscoveryIconSelect@2x.png"; sourceTree = "<group>"; };
		A4D89E0A1BD524F200FC9655 /* MyIcon@2x.png */ = {isa = PBXFileReference; lastKnownFileType = image.png; path = "MyIcon@2x.png"; sourceTree = "<group>"; };
		A4D89E0B1BD524F200FC9655 /* MyIconSelect@2x.png */ = {isa = PBXFileReference; lastKnownFileType = image.png; path = "MyIconSelect@2x.png"; sourceTree = "<group>"; };
		A4D89E0C1BD524F200FC9655 /* NewsIcon@2x.png */ = {isa = PBXFileReference; lastKnownFileType = image.png; path = "NewsIcon@2x.png"; sourceTree = "<group>"; };
		A4D89E0D1BD524F200FC9655 /* NewsIconSelect@2x.png */ = {isa = PBXFileReference; lastKnownFileType = image.png; path = "NewsIconSelect@2x.png"; sourceTree = "<group>"; };
		A4D89E0E1BD524F200FC9655 /* ReaderIcon@2x.png */ = {isa = PBXFileReference; lastKnownFileType = image.png; path = "ReaderIcon@2x.png"; sourceTree = "<group>"; };
		A4D89E0F1BD524F200FC9655 /* ReaderIconSelect@2x.png */ = {isa = PBXFileReference; lastKnownFileType = image.png; path = "ReaderIconSelect@2x.png"; sourceTree = "<group>"; };
		A4D89E101BD524F200FC9655 /* VoiceIcon@2x.png */ = {isa = PBXFileReference; lastKnownFileType = image.png; path = "VoiceIcon@2x.png"; sourceTree = "<group>"; };
		A4D89E111BD524F200FC9655 /* VoiceIconSelect@2x.png */ = {isa = PBXFileReference; lastKnownFileType = image.png; path = "VoiceIconSelect@2x.png"; sourceTree = "<group>"; };
		A4D89E1F1BD5259000FC9655 /* PageInfo.h */ = {isa = PBXFileReference; fileEncoding = 4; lastKnownFileType = sourcecode.c.h; path = PageInfo.h; sourceTree = "<group>"; };
		A4D89E201BD5259000FC9655 /* PageInfo.m */ = {isa = PBXFileReference; fileEncoding = 4; lastKnownFileType = sourcecode.c.objc; path = PageInfo.m; sourceTree = "<group>"; };
		A4F129E91BD3CCA80010148F /* NavigationBackBlack@2x.png */ = {isa = PBXFileReference; lastKnownFileType = image.png; path = "NavigationBackBlack@2x.png"; sourceTree = "<group>"; };
		A4F129EA1BD3CCA80010148F /* NavBarIcon@2x.png */ = {isa = PBXFileReference; lastKnownFileType = image.png; path = "NavBarIcon@2x.png"; sourceTree = "<group>"; };
		A4F129EB1BD3CCA80010148F /* NavBarAlpha.png */ = {isa = PBXFileReference; lastKnownFileType = image.png; path = NavBarAlpha.png; sourceTree = "<group>"; };
		A4F129EC1BD3CCA80010148F /* NavBarWhite44@2x.png */ = {isa = PBXFileReference; lastKnownFileType = image.png; path = "NavBarWhite44@2x.png"; sourceTree = "<group>"; };
		A4F129ED1BD3CCA80010148F /* NavBarWhite64@2x.png */ = {isa = PBXFileReference; lastKnownFileType = image.png; path = "NavBarWhite64@2x.png"; sourceTree = "<group>"; };
		A4F129EE1BD3CCA80010148F /* NavigationBar44@2x.png */ = {isa = PBXFileReference; lastKnownFileType = image.png; path = "NavigationBar44@2x.png"; sourceTree = "<group>"; };
		A4F129EF1BD3CCA80010148F /* NavigationBar64@2x.png */ = {isa = PBXFileReference; lastKnownFileType = image.png; path = "NavigationBar64@2x.png"; sourceTree = "<group>"; };
		A4F129F01BD3CCA80010148F /* NavigationBack@2x.png */ = {isa = PBXFileReference; lastKnownFileType = image.png; path = "NavigationBack@2x.png"; sourceTree = "<group>"; };
		A4F129F11BD3CCA80010148F /* NavigationBell@2x.png */ = {isa = PBXFileReference; lastKnownFileType = image.png; path = "NavigationBell@2x.png"; sourceTree = "<group>"; };
		A4F129F21BD3CCA80010148F /* NavigationSquare@2x.png */ = {isa = PBXFileReference; lastKnownFileType = image.png; path = "NavigationSquare@2x.png"; sourceTree = "<group>"; };
/* End PBXFileReference section */

/* Begin PBXFrameworksBuildPhase section */
		A4C75B911BC80C08004264AA /* Frameworks */ = {
			isa = PBXFrameworksBuildPhase;
			buildActionMask = 2147483647;
			files = (
			);
			runOnlyForDeploymentPostprocessing = 0;
		};
/* End PBXFrameworksBuildPhase section */

/* Begin PBXGroup section */
		A41216C61BD6874C00208201 /* ColumnBar */ = {
			isa = PBXGroup;
			children = (
				A41216CB1BD6879C00208201 /* ColumnBarLeft@2x.png */,
				A41216CC1BD6879C00208201 /* ColumnBarRight@2x.png */,
			);
			path = ColumnBar;
			sourceTree = "<group>";
		};
		A474B7531BD24A24009A5F3B /* Util */ = {
			isa = PBXGroup;
			children = (
				A474B7541BD24DC9009A5F3B /* Activity.h */,
				A474B7551BD24DC9009A5F3B /* Activity.m */,
				A474B7561BD24DC9009A5F3B /* ActivityIndicator.h */,
				A474B7571BD24DC9009A5F3B /* ActivityIndicator.m */,
				A474B7581BD24DC9009A5F3B /* Date.h */,
				A474B7591BD24DC9009A5F3B /* Date.m */,
				A474B75A1BD24DC9009A5F3B /* AppSetting.h */,
				A474B75B1BD24DC9009A5F3B /* AppSetting.m */,
				A474B75C1BD24DC9009A5F3B /* FileUtility.h */,
				A474B75D1BD24DC9009A5F3B /* FileUtility.m */,
				A474B75E1BD24DC9009A5F3B /* ButtonHelper.h */,
				A474B75F1BD24DC9009A5F3B /* ButtonHelper.m */,
				A474B7601BD24DC9009A5F3B /* String.h */,
				A474B7611BD24DC9009A5F3B /* String.m */,
			);
			path = Util;
			sourceTree = "<group>";
		};
		A49131231BCA50BF00511F97 /* JSONFramework */ = {
			isa = PBXGroup;
			children = (
				A49131241BCA531C00511F97 /* JSON.h */,
				A49131251BCA531C00511F97 /* JSON.m */,
				A49131261BCA531C00511F97 /* JsonBase.h */,
				A49131271BCA531C00511F97 /* JsonBase.m */,
				A49131281BCA531C00511F97 /* JsonParser.h */,
				A49131291BCA531C00511F97 /* JsonParser.m */,
				A491312A1BCA531C00511F97 /* JsonUtility.h */,
				A491312B1BCA531C00511F97 /* JsonUtility.m */,
				A491312C1BCA531C00511F97 /* JsonWriter.h */,
				A491312D1BCA531C00511F97 /* JsonWriter.m */,
			);
			path = JSONFramework;
			sourceTree = "<group>";
		};
		A491315E1BCABA8C00511F97 /* ViewController */ = {
			isa = PBXGroup;
			children = (
				A4C1BE241BCD37CB00A35706 /* BaseController.h */,
				A4C1BE251BCD37CB00A35706 /* BaseController.m */,
				A4C1BE271BCD37D700A35706 /* Page */,
				A4C1BE281BCD382C00A35706 /* Widget */,
				A4C1BE291BCD383900A35706 /* Cell */,
			);
			path = ViewController;
			sourceTree = "<group>";
		};
		A4C1BE271BCD37D700A35706 /* Page */ = {
			isa = PBXGroup;
			children = (
				A4C1BE2A1BCD38D700A35706 /* BasePage.h */,
				A4C1BE2B1BCD38D700A35706 /* BasePage.m */,
				A4C1BE2D1BCD38E700A35706 /* HomePage.h */,
				A4C1BE2E1BCD38E700A35706 /* HomePage.m */,
				A4C1BE301BCD390100A35706 /* AdvertPage.h */,
				A4C1BE311BCD390100A35706 /* AdvertPage.m */,
				A4C1BE331BCD390F00A35706 /* NewsPage.h */,
				A4C1BE341BCD390F00A35706 /* NewsPage.m */,
				A4C1BE361BCD392400A35706 /* ReaderPage.h */,
				A4C1BE371BCD392400A35706 /* ReaderPage.m */,
				A4C1BE391BCD393300A35706 /* VoicePage.h */,
				A4C1BE3A1BCD393300A35706 /* VoicePage.m */,
				A4C1BE3C1BCD394A00A35706 /* DiscoveryPage.h */,
				A4C1BE3D1BCD394A00A35706 /* DiscoveryPage.m */,
				A4C1BE3F1BCD395500A35706 /* MyPage.h */,
				A4C1BE401BCD395500A35706 /* MyPage.m */,
				A4C1BE421BCD396000A35706 /* DetailPage.h */,
				A4C1BE431BCD396000A35706 /* DetailPage.m */,
				A4C1BE631BCD460300A35706 /* LoginPage.h */,
				A4C1BE641BCD460300A35706 /* LoginPage.m */,
			);
			path = Page;
			sourceTree = "<group>";
		};
		A4C1BE281BCD382C00A35706 /* Widget */ = {
			isa = PBXGroup;
			children = (
				A4C1BE451BCD39C500A35706 /* BaseWidget.h */,
				A4C1BE461BCD39C500A35706 /* BaseWidget.m */,
				A4C1BE481BCD39DD00A35706 /* TableWidget.h */,
				A4C1BE491BCD39DD00A35706 /* TableWidget.m */,
				A4C1BE4B1BCD3A0B00A35706 /* ColumnBarWidget.h */,
				A4C1BE4C1BCD3A0B00A35706 /* ColumnBarWidget.m */,
				A4C1BE4E1BCD3A1700A35706 /* NewsWidget.h */,
				A4C1BE4F1BCD3A1700A35706 /* NewsWidget.m */,
				A4C1BE511BCD3A2400A35706 /* ReaderWidget.h */,
				A4C1BE521BCD3A2400A35706 /* ReaderWidget.m */,
			);
			path = Widget;
			sourceTree = "<group>";
		};
		A4C1BE291BCD383900A35706 /* Cell */ = {
			isa = PBXGroup;
			children = (
				A4C1BE541BCD3A6900A35706 /* BaseCell.h */,
				A4C1BE551BCD3A6900A35706 /* BaseCell.m */,
				A4C1BE571BCD3ADD00A35706 /* NewsCell.h */,
				A4C1BE581BCD3ADD00A35706 /* NewsCell.m */,
				A4C1BE5A1BCD3AE800A35706 /* ReaderCell.h */,
				A4C1BE5B1BCD3AE800A35706 /* ReaderCell.m */,
			);
			path = Cell;
			sourceTree = "<group>";
		};
		A4C1BE681BCD4C4200A35706 /* Login */ = {
			isa = PBXGroup;
			children = (
				A4C1BE691BCD4C7100A35706 /* home_page_line_vertical@2x.png */,
				A4C1BE6A1BCD4C7100A35706 /* login_button@2x.png */,
				A4C1BE6B1BCD4C7100A35706 /* login_forgot_button@2x.png */,
				A4C1BE6C1BCD4C7100A35706 /* login_password_icon@2x.png */,
				A4C1BE6D1BCD4C7100A35706 /* login_username_icon@2x.png */,
			);
			path = Login;
			sourceTree = "<group>";
		};
		A4C75B8B1BC80C08004264AA = {
			isa = PBXGroup;
			children = (
				A4C75B961BC80C08004264AA /* NewsReader */,
				A4C75B951BC80C08004264AA /* Products */,
				89E2C3AE1BC92518001C1D01 /* README.md */,
			);
			sourceTree = "<group>";
		};
		A4C75B951BC80C08004264AA /* Products */ = {
			isa = PBXGroup;
			children = (
				A4C75B941BC80C08004264AA /* NewsReader.app */,
			);
			name = Products;
			sourceTree = "<group>";
		};
		A4C75B961BC80C08004264AA /* NewsReader */ = {
			isa = PBXGroup;
			children = (
				A4C75BB51BC80C83004264AA /* Global */,
				A474B7531BD24A24009A5F3B /* Util */,
				A4C75BB11BC80C59004264AA /* Vendors */,
				A4C75BAE1BC80C1C004264AA /* Resources */,
				A4C75BB31BC80C6A004264AA /* Model */,
				A4C75BB21BC80C61004264AA /* ViewModel */,
				A491315E1BCABA8C00511F97 /* ViewController */,
				A4C75B9A1BC80C08004264AA /* AppDelegate.h */,
				A4C75B9B1BC80C08004264AA /* AppDelegate.m */,
				A4C75BA81BC80C08004264AA /* Info.plist */,
				A4C75B971BC80C08004264AA /* Supporting Files */,
				A4C75BBF1BC81474004264AA /* NewsReaderPrefixHeader.pch */,
			);
			path = NewsReader;
			sourceTree = "<group>";
		};
		A4C75B971BC80C08004264AA /* Supporting Files */ = {
			isa = PBXGroup;
			children = (
				A4C75B981BC80C08004264AA /* main.m */,
			);
			name = "Supporting Files";
			sourceTree = "<group>";
		};
		A4C75BAE1BC80C1C004264AA /* Resources */ = {
			isa = PBXGroup;
			children = (
				A4C75BB61BC80CA3004264AA /* Config */,
				A4C75BB01BC80C4F004264AA /* Images */,
				A4C75BAF1BC80C3C004264AA /* InterfaceBuilder */,
			);
			path = Resources;
			sourceTree = "<group>";
		};
		A4C75BAF1BC80C3C004264AA /* InterfaceBuilder */ = {
			isa = PBXGroup;
			children = (
				A4C1BE661BCD46CE00A35706 /* LoginPage.xib */,
				A474B7691BD2795B009A5F3B /* AdvertPage.xib */,
				A472300B1BD683A700B4CF4E /* NewsPage.xib */,
				A41216CF1BD6993000208201 /* ColumnBarWidget.xib */,
			);
			path = InterfaceBuilder;
			sourceTree = "<group>";
		};
		A4C75BB01BC80C4F004264AA /* Images */ = {
			isa = PBXGroup;
			children = (
				A41216C61BD6874C00208201 /* ColumnBar */,
				A4D89E041BD524CF00FC9655 /* TabBar */,
				A4F129E81BD3CC230010148F /* NavBar */,
				A4C75BA31BC80C08004264AA /* Assets.xcassets */,
				A4C1BE681BCD4C4200A35706 /* Login */,
			);
			path = Images;
			sourceTree = "<group>";
		};
		A4C75BB11BC80C59004264AA /* Vendors */ = {
			isa = PBXGroup;
			children = (
				A49131231BCA50BF00511F97 /* JSONFramework */,
			);
			path = Vendors;
			sourceTree = "<group>";
		};
		A4C75BB21BC80C61004264AA /* ViewModel */ = {
			isa = PBXGroup;
			children = (
				A49131521BCABA6E00511F97 /* BaseOperation.h */,
				A49131531BCABA6E00511F97 /* BaseOperation.m */,
				A49131541BCABA6E00511F97 /* GetAdvert.h */,
				A49131551BCABA6E00511F97 /* GetAdvert.m */,
				A49131561BCABA6E00511F97 /* GetColumn.h */,
				A49131571BCABA6E00511F97 /* GetColumn.m */,
				A49131581BCABA6E00511F97 /* GetNews.h */,
				A49131591BCABA6E00511F97 /* GetNews.m */,
				A4C1BE601BCD453D00A35706 /* Login.h */,
				A4C1BE611BCD453D00A35706 /* Login.m */,
				A474B7711BD284C9009A5F3B /* GetImage.h */,
				A474B7721BD284C9009A5F3B /* GetImage.m */,
			);
			path = ViewModel;
			sourceTree = "<group>";
		};
		A4C75BB31BC80C6A004264AA /* Model */ = {
			isa = PBXGroup;
			children = (
				A49131341BCA63F600511F97 /* BaseInfo.h */,
				A49131351BCA63F600511F97 /* BaseInfo.m */,
				A49131371BCA8C0800511F97 /* AdvertInfo.h */,
				A49131381BCA8C0800511F97 /* AdvertInfo.m */,
				A491313A1BCA8E8100511F97 /* ColumnInfo.h */,
				A491313B1BCA8E8100511F97 /* ColumnInfo.m */,
				A491313D1BCA8EE000511F97 /* NewsInfo.h */,
				A491313E1BCA8EE000511F97 /* NewsInfo.m */,
				A4C1BE5D1BCD3C6400A35706 /* UserInfo.h */,
				A4C1BE5E1BCD3C6400A35706 /* UserInfo.m */,
				A4D89E1F1BD5259000FC9655 /* PageInfo.h */,
				A4D89E201BD5259000FC9655 /* PageInfo.m */,
			);
			path = Model;
			sourceTree = "<group>";
		};
		A4C75BB51BC80C83004264AA /* Global */ = {
			isa = PBXGroup;
			children = (
				A474B76B1BD28119009A5F3B /* Global.h */,
				A474B76C1BD28119009A5F3B /* Global.m */,
				A474B76D1BD28119009A5F3B /* Download.h */,
				A474B76E1BD28119009A5F3B /* Download.m */,
				A49131331BCA5D4500511F97 /* Defines.h */,
				A49131401BCA971400511F97 /* UrlDefines.h */,
			);
			path = Global;
			sourceTree = "<group>";
		};
		A4C75BB61BC80CA3004264AA /* Config */ = {
			isa = PBXGroup;
			children = (
				A4D89E021BD523EC00FC9655 /* TabBarPages.plist */,
			);
			path = Config;
			sourceTree = "<group>";
		};
		A4D89E041BD524CF00FC9655 /* TabBar */ = {
			isa = PBXGroup;
			children = (
				A4D89E051BD524F200FC9655 /* tabbar_icon_media_highlight@2x.png */,
				A4D89E061BD524F200FC9655 /* tabbar_icon_media_normal@2x.png */,
				A4D89E071BD524F200FC9655 /* TabBarShadow@2x.png */,
				A4D89E081BD524F200FC9655 /* DiscoveryIcon@2x.png */,
				A4D89E091BD524F200FC9655 /* DiscoveryIconSelect@2x.png */,
				A4D89E0A1BD524F200FC9655 /* MyIcon@2x.png */,
				A4D89E0B1BD524F200FC9655 /* MyIconSelect@2x.png */,
				A4D89E0C1BD524F200FC9655 /* NewsIcon@2x.png */,
				A4D89E0D1BD524F200FC9655 /* NewsIconSelect@2x.png */,
				A4D89E0E1BD524F200FC9655 /* ReaderIcon@2x.png */,
				A4D89E0F1BD524F200FC9655 /* ReaderIconSelect@2x.png */,
				A4D89E101BD524F200FC9655 /* VoiceIcon@2x.png */,
				A4D89E111BD524F200FC9655 /* VoiceIconSelect@2x.png */,
			);
			path = TabBar;
			sourceTree = "<group>";
		};
		A4F129E81BD3CC230010148F /* NavBar */ = {
			isa = PBXGroup;
			children = (
				A4F129E91BD3CCA80010148F /* NavigationBackBlack@2x.png */,
				A4F129EA1BD3CCA80010148F /* NavBarIcon@2x.png */,
				A4F129EB1BD3CCA80010148F /* NavBarAlpha.png */,
				A4F129EC1BD3CCA80010148F /* NavBarWhite44@2x.png */,
				A4F129ED1BD3CCA80010148F /* NavBarWhite64@2x.png */,
				A4F129EE1BD3CCA80010148F /* NavigationBar44@2x.png */,
				A4F129EF1BD3CCA80010148F /* NavigationBar64@2x.png */,
				A4F129F01BD3CCA80010148F /* NavigationBack@2x.png */,
				A4F129F11BD3CCA80010148F /* NavigationBell@2x.png */,
				A4F129F21BD3CCA80010148F /* NavigationSquare@2x.png */,
			);
			path = NavBar;
			sourceTree = "<group>";
		};
/* End PBXGroup section */

/* Begin PBXNativeTarget section */
		A4C75B931BC80C08004264AA /* NewsReader */ = {
			isa = PBXNativeTarget;
			buildConfigurationList = A4C75BAB1BC80C08004264AA /* Build configuration list for PBXNativeTarget "NewsReader" */;
			buildPhases = (
				A4C75B901BC80C08004264AA /* Sources */,
				A4C75B911BC80C08004264AA /* Frameworks */,
				A4C75B921BC80C08004264AA /* Resources */,
			);
			buildRules = (
			);
			dependencies = (
			);
			name = NewsReader;
			productName = NewsReader;
			productReference = A4C75B941BC80C08004264AA /* NewsReader.app */;
			productType = "com.apple.product-type.application";
		};
/* End PBXNativeTarget section */

/* Begin PBXProject section */
		A4C75B8C1BC80C08004264AA /* Project object */ = {
			isa = PBXProject;
			attributes = {
				CLASSPREFIX = "";
				LastUpgradeCheck = 0700;
				ORGANIZATIONNAME = tangtech;
				TargetAttributes = {
					A4C75B931BC80C08004264AA = {
						CreatedOnToolsVersion = 7.0.1;
						DevelopmentTeam = 2AH7GW2HNG;
					};
				};
			};
			buildConfigurationList = A4C75B8F1BC80C08004264AA /* Build configuration list for PBXProject "NewsReader" */;
			compatibilityVersion = "Xcode 3.2";
			developmentRegion = English;
			hasScannedForEncodings = 0;
			knownRegions = (
				en,
				Base,
			);
			mainGroup = A4C75B8B1BC80C08004264AA;
			productRefGroup = A4C75B951BC80C08004264AA /* Products */;
			projectDirPath = "";
			projectRoot = "";
			targets = (
				A4C75B931BC80C08004264AA /* NewsReader */,
			);
		};
/* End PBXProject section */

/* Begin PBXResourcesBuildPhase section */
		A4C75B921BC80C08004264AA /* Resources */ = {
			isa = PBXResourcesBuildPhase;
			buildActionMask = 2147483647;
			files = (
				A4F129FB1BD3CCA80010148F /* NavigationBell@2x.png in Resources */,
				A4F129F71BD3CCA80010148F /* NavBarWhite64@2x.png in Resources */,
				A4F129F61BD3CCA80010148F /* NavBarWhite44@2x.png in Resources */,
				A4C1BE6F1BCD4C7100A35706 /* login_button@2x.png in Resources */,
				A4D89E151BD524F200FC9655 /* DiscoveryIcon@2x.png in Resources */,
				A4D89E191BD524F200FC9655 /* NewsIcon@2x.png in Resources */,
				A4D89E1B1BD524F200FC9655 /* ReaderIcon@2x.png in Resources */,
				A4F129FA1BD3CCA80010148F /* NavigationBack@2x.png in Resources */,
				A472300C1BD683A700B4CF4E /* NewsPage.xib in Resources */,
				A4C1BE671BCD46CE00A35706 /* LoginPage.xib in Resources */,
				A4F129F51BD3CCA80010148F /* NavBarAlpha.png in Resources */,
				A4D89E1D1BD524F200FC9655 /* VoiceIcon@2x.png in Resources */,
				A4D89E161BD524F200FC9655 /* DiscoveryIconSelect@2x.png in Resources */,
				A4F129F91BD3CCA80010148F /* NavigationBar64@2x.png in Resources */,
				A474B76A1BD2795B009A5F3B /* AdvertPage.xib in Resources */,
				A41216D01BD6993000208201 /* ColumnBarWidget.xib in Resources */,
				A4D89E181BD524F200FC9655 /* MyIconSelect@2x.png in Resources */,
				A4F129F41BD3CCA80010148F /* NavBarIcon@2x.png in Resources */,
				A4C1BE701BCD4C7100A35706 /* login_forgot_button@2x.png in Resources */,
				A4F129F81BD3CCA80010148F /* NavigationBar44@2x.png in Resources */,
				A4D89E1E1BD524F200FC9655 /* VoiceIconSelect@2x.png in Resources */,
				A4D89E1A1BD524F200FC9655 /* NewsIconSelect@2x.png in Resources */,
				A4C75BA41BC80C08004264AA /* Assets.xcassets in Resources */,
				A4D89E121BD524F200FC9655 /* tabbar_icon_media_highlight@2x.png in Resources */,
				A4D89E141BD524F200FC9655 /* TabBarShadow@2x.png in Resources */,
				A4F129FC1BD3CCA80010148F /* NavigationSquare@2x.png in Resources */,
				A41216CE1BD6879C00208201 /* ColumnBarRight@2x.png in Resources */,
				A41216CD1BD6879C00208201 /* ColumnBarLeft@2x.png in Resources */,
				A4D89E031BD523EC00FC9655 /* TabBarPages.plist in Resources */,
				A4C1BE721BCD4C7100A35706 /* login_username_icon@2x.png in Resources */,
				A4D89E171BD524F200FC9655 /* MyIcon@2x.png in Resources */,
				A4F129F31BD3CCA80010148F /* NavigationBackBlack@2x.png in Resources */,
				A4D89E1C1BD524F200FC9655 /* ReaderIconSelect@2x.png in Resources */,
				A4C1BE711BCD4C7100A35706 /* login_password_icon@2x.png in Resources */,
				A4D89E131BD524F200FC9655 /* tabbar_icon_media_normal@2x.png in Resources */,
				A4C1BE6E1BCD4C7100A35706 /* home_page_line_vertical@2x.png in Resources */,
			);
			runOnlyForDeploymentPostprocessing = 0;
		};
/* End PBXResourcesBuildPhase section */

/* Begin PBXSourcesBuildPhase section */
		A4C75B901BC80C08004264AA /* Sources */ = {
			isa = PBXSourcesBuildPhase;
			buildActionMask = 2147483647;
			files = (
				A474B7661BD24DC9009A5F3B /* FileUtility.m in Sources */,
				A4C1BE561BCD3A6900A35706 /* BaseCell.m in Sources */,
				A49131301BCA531C00511F97 /* JsonParser.m in Sources */,
				A49131361BCA63F600511F97 /* BaseInfo.m in Sources */,
				A4C1BE651BCD460300A35706 /* LoginPage.m in Sources */,
				A4C1BE621BCD453D00A35706 /* Login.m in Sources */,
				A4C75B9C1BC80C08004264AA /* AppDelegate.m in Sources */,
				A4C1BE381BCD392400A35706 /* ReaderPage.m in Sources */,
				A4C1BE591BCD3ADD00A35706 /* NewsCell.m in Sources */,
				A4C1BE5C1BCD3AE800A35706 /* ReaderCell.m in Sources */,
				A4C1BE2C1BCD38D700A35706 /* BasePage.m in Sources */,
				A4C1BE441BCD396000A35706 /* DetailPage.m in Sources */,
				A491315C1BCABA6E00511F97 /* GetColumn.m in Sources */,
				A474B7631BD24DC9009A5F3B /* ActivityIndicator.m in Sources */,
				89E2C3AF1BC92518001C1D01 /* README.md in Sources */,
				A4C1BE531BCD3A2400A35706 /* ReaderWidget.m in Sources */,
				A474B7641BD24DC9009A5F3B /* Date.m in Sources */,
				A4C1BE4D1BCD3A0B00A35706 /* ColumnBarWidget.m in Sources */,
				A4C1BE5F1BCD3C6400A35706 /* UserInfo.m in Sources */,
				A4C1BE4A1BCD39DD00A35706 /* TableWidget.m in Sources */,
				A4C1BE501BCD3A1700A35706 /* NewsWidget.m in Sources */,
				A4C1BE351BCD390F00A35706 /* NewsPage.m in Sources */,
				A474B7671BD24DC9009A5F3B /* ButtonHelper.m in Sources */,
				A4C1BE321BCD390100A35706 /* AdvertPage.m in Sources */,
				A491313C1BCA8E8100511F97 /* ColumnInfo.m in Sources */,
				A4C75B991BC80C08004264AA /* main.m in Sources */,
				A49131321BCA531C00511F97 /* JsonWriter.m in Sources */,
				A474B76F1BD28119009A5F3B /* Global.m in Sources */,
				A491312F1BCA531C00511F97 /* JsonBase.m in Sources */,
				A474B7621BD24DC9009A5F3B /* Activity.m in Sources */,
				A49131311BCA531C00511F97 /* JsonUtility.m in Sources */,
				A491312E1BCA531C00511F97 /* JSON.m in Sources */,
				A4C1BE471BCD39C500A35706 /* BaseWidget.m in Sources */,
				A491315B1BCABA6E00511F97 /* GetAdvert.m in Sources */,
				A474B7651BD24DC9009A5F3B /* AppSetting.m in Sources */,
				A474B7731BD284C9009A5F3B /* GetImage.m in Sources */,
				A4C1BE3B1BCD393300A35706 /* VoicePage.m in Sources */,
				A4C1BE411BCD395500A35706 /* MyPage.m in Sources */,
				A491315A1BCABA6E00511F97 /* BaseOperation.m in Sources */,
				A4C1BE261BCD37CB00A35706 /* BaseController.m in Sources */,
				A4C1BE2F1BCD38E700A35706 /* HomePage.m in Sources */,
				A491313F1BCA8EE000511F97 /* NewsInfo.m in Sources */,
				A474B7701BD28119009A5F3B /* Download.m in Sources */,
				A49131391BCA8C0800511F97 /* AdvertInfo.m in Sources */,
				A491315D1BCABA6E00511F97 /* GetNews.m in Sources */,
				A474B7681BD24DC9009A5F3B /* String.m in Sources */,
				A4D89E211BD5259000FC9655 /* PageInfo.m in Sources */,
				A4C1BE3E1BCD394A00A35706 /* DiscoveryPage.m in Sources */,
			);
			runOnlyForDeploymentPostprocessing = 0;
		};
/* End PBXSourcesBuildPhase section */

/* Begin XCBuildConfiguration section */
		A4C75BA91BC80C08004264AA /* Debug */ = {
			isa = XCBuildConfiguration;
			buildSettings = {
				ALWAYS_SEARCH_USER_PATHS = NO;
				CLANG_CXX_LANGUAGE_STANDARD = "gnu++0x";
				CLANG_CXX_LIBRARY = "libc++";
				CLANG_ENABLE_MODULES = YES;
				CLANG_ENABLE_OBJC_ARC = YES;
				CLANG_WARN_BOOL_CONVERSION = YES;
				CLANG_WARN_CONSTANT_CONVERSION = YES;
				CLANG_WARN_DIRECT_OBJC_ISA_USAGE = YES_ERROR;
				CLANG_WARN_EMPTY_BODY = YES;
				CLANG_WARN_ENUM_CONVERSION = YES;
				CLANG_WARN_INT_CONVERSION = YES;
				CLANG_WARN_OBJC_ROOT_CLASS = YES_ERROR;
				CLANG_WARN_UNREACHABLE_CODE = YES;
				CLANG_WARN__DUPLICATE_METHOD_MATCH = YES;
				"CODE_SIGN_IDENTITY[sdk=iphoneos*]" = "iPhone Developer";
				COPY_PHASE_STRIP = NO;
				DEBUG_INFORMATION_FORMAT = dwarf;
				ENABLE_STRICT_OBJC_MSGSEND = YES;
				ENABLE_TESTABILITY = YES;
				GCC_C_LANGUAGE_STANDARD = gnu99;
				GCC_DYNAMIC_NO_PIC = NO;
				GCC_NO_COMMON_BLOCKS = YES;
				GCC_OPTIMIZATION_LEVEL = 0;
				GCC_PREPROCESSOR_DEFINITIONS = (
					"DEBUG=1",
					"$(inherited)",
				);
				GCC_WARN_64_TO_32_BIT_CONVERSION = YES;
				GCC_WARN_ABOUT_RETURN_TYPE = YES_ERROR;
				GCC_WARN_UNDECLARED_SELECTOR = YES;
				GCC_WARN_UNINITIALIZED_AUTOS = YES_AGGRESSIVE;
				GCC_WARN_UNUSED_FUNCTION = YES;
				GCC_WARN_UNUSED_VARIABLE = YES;
				IPHONEOS_DEPLOYMENT_TARGET = 8.4;
				MTL_ENABLE_DEBUG_INFO = YES;
				ONLY_ACTIVE_ARCH = YES;
				SDKROOT = iphoneos;
			};
			name = Debug;
		};
		A4C75BAA1BC80C08004264AA /* Release */ = {
			isa = XCBuildConfiguration;
			buildSettings = {
				ALWAYS_SEARCH_USER_PATHS = NO;
				CLANG_CXX_LANGUAGE_STANDARD = "gnu++0x";
				CLANG_CXX_LIBRARY = "libc++";
				CLANG_ENABLE_MODULES = YES;
				CLANG_ENABLE_OBJC_ARC = YES;
				CLANG_WARN_BOOL_CONVERSION = YES;
				CLANG_WARN_CONSTANT_CONVERSION = YES;
				CLANG_WARN_DIRECT_OBJC_ISA_USAGE = YES_ERROR;
				CLANG_WARN_EMPTY_BODY = YES;
				CLANG_WARN_ENUM_CONVERSION = YES;
				CLANG_WARN_INT_CONVERSION = YES;
				CLANG_WARN_OBJC_ROOT_CLASS = YES_ERROR;
				CLANG_WARN_UNREACHABLE_CODE = YES;
				CLANG_WARN__DUPLICATE_METHOD_MATCH = YES;
				"CODE_SIGN_IDENTITY[sdk=iphoneos*]" = "iPhone Developer";
				COPY_PHASE_STRIP = NO;
				DEBUG_INFORMATION_FORMAT = "dwarf-with-dsym";
				ENABLE_NS_ASSERTIONS = NO;
				ENABLE_STRICT_OBJC_MSGSEND = YES;
				GCC_C_LANGUAGE_STANDARD = gnu99;
				GCC_NO_COMMON_BLOCKS = YES;
				GCC_WARN_64_TO_32_BIT_CONVERSION = YES;
				GCC_WARN_ABOUT_RETURN_TYPE = YES_ERROR;
				GCC_WARN_UNDECLARED_SELECTOR = YES;
				GCC_WARN_UNINITIALIZED_AUTOS = YES_AGGRESSIVE;
				GCC_WARN_UNUSED_FUNCTION = YES;
				GCC_WARN_UNUSED_VARIABLE = YES;
				IPHONEOS_DEPLOYMENT_TARGET = 8.4;
				MTL_ENABLE_DEBUG_INFO = NO;
				SDKROOT = iphoneos;
				VALIDATE_PRODUCT = YES;
			};
			name = Release;
		};
		A4C75BAC1BC80C08004264AA /* Debug */ = {
			isa = XCBuildConfiguration;
			buildSettings = {
				ASSETCATALOG_COMPILER_APPICON_NAME = AppIcon;
				ASSETCATALOG_COMPILER_LAUNCHIMAGE_NAME = LaunchImage;
				GCC_PRECOMPILE_PREFIX_HEADER = NO;
				GCC_PREFIX_HEADER = NewsReader/NewsReaderPrefixHeader.pch;
				INFOPLIST_FILE = NewsReader/Info.plist;
				LD_RUNPATH_SEARCH_PATHS = "$(inherited) @executable_path/Frameworks";
				PRODUCT_BUNDLE_IDENTIFIER = com.tang.NewsReader;
				PRODUCT_NAME = "$(TARGET_NAME)";
			};
			name = Debug;
		};
		A4C75BAD1BC80C08004264AA /* Release */ = {
			isa = XCBuildConfiguration;
			buildSettings = {
				ASSETCATALOG_COMPILER_APPICON_NAME = AppIcon;
				ASSETCATALOG_COMPILER_LAUNCHIMAGE_NAME = LaunchImage;
				GCC_PRECOMPILE_PREFIX_HEADER = NO;
				GCC_PREFIX_HEADER = NewsReader/NewsReaderPrefixHeader.pch;
				INFOPLIST_FILE = NewsReader/Info.plist;
				LD_RUNPATH_SEARCH_PATHS = "$(inherited) @executable_path/Frameworks";
				PRODUCT_BUNDLE_IDENTIFIER = com.tang.NewsReader;
				PRODUCT_NAME = "$(TARGET_NAME)";
			};
			name = Release;
		};
		A4C75BB91BC81228004264AA /* AppStore */ = {
			isa = XCBuildConfiguration;
			buildSettings = {
				ALWAYS_SEARCH_USER_PATHS = NO;
				CLANG_CXX_LANGUAGE_STANDARD = "gnu++0x";
				CLANG_CXX_LIBRARY = "libc++";
				CLANG_ENABLE_MODULES = YES;
				CLANG_ENABLE_OBJC_ARC = YES;
				CLANG_WARN_BOOL_CONVERSION = YES;
				CLANG_WARN_CONSTANT_CONVERSION = YES;
				CLANG_WARN_DIRECT_OBJC_ISA_USAGE = YES_ERROR;
				CLANG_WARN_EMPTY_BODY = YES;
				CLANG_WARN_ENUM_CONVERSION = YES;
				CLANG_WARN_INT_CONVERSION = YES;
				CLANG_WARN_OBJC_ROOT_CLASS = YES_ERROR;
				CLANG_WARN_UNREACHABLE_CODE = YES;
				CLANG_WARN__DUPLICATE_METHOD_MATCH = YES;
				"CODE_SIGN_IDENTITY[sdk=iphoneos*]" = "iPhone Developer";
				COPY_PHASE_STRIP = NO;
				DEBUG_INFORMATION_FORMAT = dwarf;
				ENABLE_STRICT_OBJC_MSGSEND = YES;
				ENABLE_TESTABILITY = YES;
				GCC_C_LANGUAGE_STANDARD = gnu99;
				GCC_DYNAMIC_NO_PIC = NO;
				GCC_NO_COMMON_BLOCKS = YES;
				GCC_OPTIMIZATION_LEVEL = 0;
				GCC_PREPROCESSOR_DEFINITIONS = (
					"DEBUG=1",
					"$(inherited)",
				);
				GCC_WARN_64_TO_32_BIT_CONVERSION = YES;
				GCC_WARN_ABOUT_RETURN_TYPE = YES_ERROR;
				GCC_WARN_UNDECLARED_SELECTOR = YES;
				GCC_WARN_UNINITIALIZED_AUTOS = YES_AGGRESSIVE;
				GCC_WARN_UNUSED_FUNCTION = YES;
				GCC_WARN_UNUSED_VARIABLE = YES;
				IPHONEOS_DEPLOYMENT_TARGET = 8.4;
				MTL_ENABLE_DEBUG_INFO = YES;
				ONLY_ACTIVE_ARCH = YES;
				SDKROOT = iphoneos;
			};
			name = AppStore;
		};
		A4C75BBA1BC81228004264AA /* AppStore */ = {
			isa = XCBuildConfiguration;
			buildSettings = {
				ASSETCATALOG_COMPILER_APPICON_NAME = AppIcon;
				ASSETCATALOG_COMPILER_LAUNCHIMAGE_NAME = LaunchImage;
				GCC_PRECOMPILE_PREFIX_HEADER = NO;
				GCC_PREFIX_HEADER = NewsReader/NewsReaderPrefixHeader.pch;
				INFOPLIST_FILE = NewsReader/Info.plist;
				LD_RUNPATH_SEARCH_PATHS = "$(inherited) @executable_path/Frameworks";
				PRODUCT_BUNDLE_IDENTIFIER = com.tang.NewsReader;
				PRODUCT_NAME = "$(TARGET_NAME)";
			};
			name = AppStore;
		};
		A4C75BBB1BC81238004264AA /* AdHoc */ = {
			isa = XCBuildConfiguration;
			buildSettings = {
				ALWAYS_SEARCH_USER_PATHS = NO;
				CLANG_CXX_LANGUAGE_STANDARD = "gnu++0x";
				CLANG_CXX_LIBRARY = "libc++";
				CLANG_ENABLE_MODULES = YES;
				CLANG_ENABLE_OBJC_ARC = YES;
				CLANG_WARN_BOOL_CONVERSION = YES;
				CLANG_WARN_CONSTANT_CONVERSION = YES;
				CLANG_WARN_DIRECT_OBJC_ISA_USAGE = YES_ERROR;
				CLANG_WARN_EMPTY_BODY = YES;
				CLANG_WARN_ENUM_CONVERSION = YES;
				CLANG_WARN_INT_CONVERSION = YES;
				CLANG_WARN_OBJC_ROOT_CLASS = YES_ERROR;
				CLANG_WARN_UNREACHABLE_CODE = YES;
				CLANG_WARN__DUPLICATE_METHOD_MATCH = YES;
				"CODE_SIGN_IDENTITY[sdk=iphoneos*]" = "iPhone Developer";
				COPY_PHASE_STRIP = NO;
				DEBUG_INFORMATION_FORMAT = dwarf;
				ENABLE_STRICT_OBJC_MSGSEND = YES;
				ENABLE_TESTABILITY = YES;
				GCC_C_LANGUAGE_STANDARD = gnu99;
				GCC_DYNAMIC_NO_PIC = NO;
				GCC_NO_COMMON_BLOCKS = YES;
				GCC_OPTIMIZATION_LEVEL = 0;
				GCC_PREPROCESSOR_DEFINITIONS = (
					"DEBUG=1",
					"$(inherited)",
				);
				GCC_WARN_64_TO_32_BIT_CONVERSION = YES;
				GCC_WARN_ABOUT_RETURN_TYPE = YES_ERROR;
				GCC_WARN_UNDECLARED_SELECTOR = YES;
				GCC_WARN_UNINITIALIZED_AUTOS = YES_AGGRESSIVE;
				GCC_WARN_UNUSED_FUNCTION = YES;
				GCC_WARN_UNUSED_VARIABLE = YES;
				IPHONEOS_DEPLOYMENT_TARGET = 8.4;
				MTL_ENABLE_DEBUG_INFO = YES;
				ONLY_ACTIVE_ARCH = YES;
				SDKROOT = iphoneos;
			};
			name = AdHoc;
		};
		A4C75BBC1BC81238004264AA /* AdHoc */ = {
			isa = XCBuildConfiguration;
			buildSettings = {
				ASSETCATALOG_COMPILER_APPICON_NAME = AppIcon;
				ASSETCATALOG_COMPILER_LAUNCHIMAGE_NAME = LaunchImage;
				GCC_PRECOMPILE_PREFIX_HEADER = NO;
				GCC_PREFIX_HEADER = NewsReader/NewsReaderPrefixHeader.pch;
				INFOPLIST_FILE = NewsReader/Info.plist;
				LD_RUNPATH_SEARCH_PATHS = "$(inherited) @executable_path/Frameworks";
				PRODUCT_BUNDLE_IDENTIFIER = com.tang.NewsReader;
				PRODUCT_NAME = "$(TARGET_NAME)";
			};
			name = AdHoc;
		};
		A4C75BBD1BC8124B004264AA /* Enterprise */ = {
			isa = XCBuildConfiguration;
			buildSettings = {
				ALWAYS_SEARCH_USER_PATHS = NO;
				CLANG_CXX_LANGUAGE_STANDARD = "gnu++0x";
				CLANG_CXX_LIBRARY = "libc++";
				CLANG_ENABLE_MODULES = YES;
				CLANG_ENABLE_OBJC_ARC = YES;
				CLANG_WARN_BOOL_CONVERSION = YES;
				CLANG_WARN_CONSTANT_CONVERSION = YES;
				CLANG_WARN_DIRECT_OBJC_ISA_USAGE = YES_ERROR;
				CLANG_WARN_EMPTY_BODY = YES;
				CLANG_WARN_ENUM_CONVERSION = YES;
				CLANG_WARN_INT_CONVERSION = YES;
				CLANG_WARN_OBJC_ROOT_CLASS = YES_ERROR;
				CLANG_WARN_UNREACHABLE_CODE = YES;
				CLANG_WARN__DUPLICATE_METHOD_MATCH = YES;
				"CODE_SIGN_IDENTITY[sdk=iphoneos*]" = "iPhone Developer";
				COPY_PHASE_STRIP = NO;
				DEBUG_INFORMATION_FORMAT = dwarf;
				ENABLE_STRICT_OBJC_MSGSEND = YES;
				ENABLE_TESTABILITY = YES;
				GCC_C_LANGUAGE_STANDARD = gnu99;
				GCC_DYNAMIC_NO_PIC = NO;
				GCC_NO_COMMON_BLOCKS = YES;
				GCC_OPTIMIZATION_LEVEL = 0;
				GCC_PREPROCESSOR_DEFINITIONS = (
					"DEBUG=1",
					"$(inherited)",
				);
				GCC_WARN_64_TO_32_BIT_CONVERSION = YES;
				GCC_WARN_ABOUT_RETURN_TYPE = YES_ERROR;
				GCC_WARN_UNDECLARED_SELECTOR = YES;
				GCC_WARN_UNINITIALIZED_AUTOS = YES_AGGRESSIVE;
				GCC_WARN_UNUSED_FUNCTION = YES;
				GCC_WARN_UNUSED_VARIABLE = YES;
				IPHONEOS_DEPLOYMENT_TARGET = 8.4;
				MTL_ENABLE_DEBUG_INFO = YES;
				ONLY_ACTIVE_ARCH = YES;
				SDKROOT = iphoneos;
			};
			name = Enterprise;
		};
		A4C75BBE1BC8124B004264AA /* Enterprise */ = {
			isa = XCBuildConfiguration;
			buildSettings = {
				ASSETCATALOG_COMPILER_APPICON_NAME = AppIcon;
				ASSETCATALOG_COMPILER_LAUNCHIMAGE_NAME = LaunchImage;
				GCC_PRECOMPILE_PREFIX_HEADER = NO;
				GCC_PREFIX_HEADER = NewsReader/NewsReaderPrefixHeader.pch;
				INFOPLIST_FILE = NewsReader/Info.plist;
				LD_RUNPATH_SEARCH_PATHS = "$(inherited) @executable_path/Frameworks";
				PRODUCT_BUNDLE_IDENTIFIER = com.tang.NewsReader;
				PRODUCT_NAME = "$(TARGET_NAME)";
			};
			name = Enterprise;
		};
/* End XCBuildConfiguration section */

/* Begin XCConfigurationList section */
		A4C75B8F1BC80C08004264AA /* Build configuration list for PBXProject "NewsReader" */ = {
			isa = XCConfigurationList;
			buildConfigurations = (
				A4C75BA91BC80C08004264AA /* Debug */,
				A4C75BB91BC81228004264AA /* AppStore */,
				A4C75BBD1BC8124B004264AA /* Enterprise */,
				A4C75BBB1BC81238004264AA /* AdHoc */,
				A4C75BAA1BC80C08004264AA /* Release */,
			);
			defaultConfigurationIsVisible = 0;
			defaultConfigurationName = Release;
		};
		A4C75BAB1BC80C08004264AA /* Build configuration list for PBXNativeTarget "NewsReader" */ = {
			isa = XCConfigurationList;
			buildConfigurations = (
				A4C75BAC1BC80C08004264AA /* Debug */,
				A4C75BBA1BC81228004264AA /* AppStore */,
				A4C75BBE1BC8124B004264AA /* Enterprise */,
				A4C75BBC1BC81238004264AA /* AdHoc */,
				A4C75BAD1BC80C08004264AA /* Release */,
			);
			defaultConfigurationIsVisible = 0;
			defaultConfigurationName = Release;
		};
/* End XCConfigurationList section */
	};
	rootObject = A4C75B8C1BC80C08004264AA /* Project object */;
}
